# THIS IS AN AUTOGENERATED FILE. DO NOT EDIT THIS FILE DIRECTLY.
# yarn lockfile v1


moment@^2.29.4:
  version "2.29.4"
  resolved "https://registry.yarnpkg.com/moment/-/moment-2.29.4.tgz#3dbe052889fe7c1b2ed966fcb3a77328964ef108"
  integrity sha512-5LC9SOxjSc2HF6vO2CyuTDNivEdoz2IvyJJGj6X8DJ0eFyfszE0QiEd+iXmBvUP3WHxSjFH/vIsA0EN00cgr8w==

react-native-haptic-feedback@^2.2.0:
  version "2.2.0"
  resolved "https://registry.yarnpkg.com/react-native-haptic-feedback/-/react-native-haptic-feedback-2.2.0.tgz#bc46edd1f053265bfbe6c32487cbce074e099429"
  integrity sha512-3tqJOjCguWhIrX0nkURn4yw6kXdsSDjjrvZCRjKXYGlL28hdQmoW2okAHduDTD9FWj9lA+lHgwFWgGs4aFNN7A==
