// !$*UTF8*$!
{
	archiveVersion = 1;
	classes = {
	};
	objectVersion = 54;
	objects = {

/* Begin PBXBuildFile section */
		13B07FBF1A68108700A75B9A /* Images.xcassets in Resources */ = {isa = PBXBuildFile; fileRef = 13B07FB51A68108700A75B9A /* Images.xcassets */; };
		1A8169DA2D8B10600020AC31 /* AppDelegate.swift in Sources */ = {isa = PBXBuildFile; fileRef = 1A8169D92D8B10590020AC31 /* AppDelegate.swift */; };
		1A8368032F13070100FB3432 /* GoogleService-Info.plist in Resources */ = {isa = PBXBuildFile; fileRef = 1A8368022F13070100FB3432 /* GoogleService-Info.plist */; };
		1AB62E762F241CC100744520 /* SectionModel.swift in Sources */ = {isa = PBXBuildFile; fileRef = 1AB62E5C2F241CC100744520 /* SectionModel.swift */; };
		1AB62E772F241CC100744520 /* CacheableImageKey.swift in Sources */ = {isa = PBXBuildFile; fileRef = 1AB62E1D2F241CC100744520 /* CacheableImageKey.swift */; };
		1AB62E782F241CC100744520 /* ChatModuleBuilder.swift in Sources */ = {isa = PBXBuildFile; fileRef = 1AB62E4F2F241CC100744520 /* ChatModuleBuilder.swift */; };
		1AB62E792F241CC100744520 /* Message.swift in Sources */ = {isa = PBXBuildFile; fileRef = 1AB62E272F241CC100744520 /* Message.swift */; };
		1AB62E7A2F241CC100744520 /* ChatItemAlignment.swift in Sources */ = {isa = PBXBuildFile; fileRef = 1AB62E5F2F241CC100744520 /* ChatItemAlignment.swift */; };
		1AB62E7B2F241CC100744520 /* PersistentDataCache.swift in Sources */ = {isa = PBXBuildFile; fileRef = 1AB62E1A2F241CC100744520 /* PersistentDataCache.swift */; };
		1AB62E7C2F241CC100744520 /* EdgeAligningView.swift in Sources */ = {isa = PBXBuildFile; fileRef = 1AB62E6F2F241CC100744520 /* EdgeAligningView.swift */; };
		1AB62E7D2F241CC100744520 /* ImageView.swift in Sources */ = {isa = PBXBuildFile; fileRef = 1AB62E3B2F241CC100744520 /* ImageView.swift */; };
		1AB62E7E2F241CC100744520 /* DefaultChatController.swift in Sources */ = {isa = PBXBuildFile; fileRef = 1AB62E162F241CC100744520 /* DefaultChatController.swift */; };
		1AB62E7F2F241CC100744520 /* MainContainerView.swift in Sources */ = {isa = PBXBuildFile; fileRef = 1AB62E402F241CC100744520 /* MainContainerView.swift */; };
		1AB62E802F241CC100744520 /* ItemPath.swift in Sources */ = {isa = PBXBuildFile; fileRef = 1AB62E582F241CC100744520 /* ItemPath.swift */; };
		1AB62E812F241CC100744520 /* ItemSize.swift in Sources */ = {isa = PBXBuildFile; fileRef = 1AB62E592F241CC100744520 /* ItemSize.swift */; };
		1AB62E822F241CC100744520 /* KeyValueCaching.swift in Sources */ = {isa = PBXBuildFile; fileRef = 1AB62E242F241CC100744520 /* KeyValueCaching.swift */; };
		1AB62E832F241CC100744520 /* ChatViewControllerDelegate.swift in Sources */ = {isa = PBXBuildFile; fileRef = 1AB62E4D2F241CC100744520 /* ChatViewControllerDelegate.swift */; };
		1AB62E842F241CC100744520 /* AvatarView.swift in Sources */ = {isa = PBXBuildFile; fileRef = 1AB62E322F241CC100744520 /* AvatarView.swift */; };
		1AB62E852F241CC100744520 /* TypingState.swift in Sources */ = {isa = PBXBuildFile; fileRef = 1AB62E2A2F241CC100744520 /* TypingState.swift */; };
		1AB62E862F241CC100744520 /* DefaultChatCollectionDataSource.swift in Sources */ = {isa = PBXBuildFile; fileRef = 1AB62E362F241CC100744520 /* DefaultChatCollectionDataSource.swift */; };
		1AB62E872F241CC100744520 /* MessageContainerView.swift in Sources */ = {isa = PBXBuildFile; fileRef = 1AB62E712F241CC100744520 /* MessageContainerView.swift */; };
		1AB62E882F241CC100744520 /* AsyncKeyValueCaching.swift in Sources */ = {isa = PBXBuildFile; fileRef = 1AB62E222F241CC100744520 /* AsyncKeyValueCaching.swift */; };
		1AB62E892F241CC100744520 /* Section.swift in Sources */ = {isa = PBXBuildFile; fileRef = 1AB62E292F241CC100744520 /* Section.swift */; };
		1AB62E8A2F241CC100744520 /* URLSource.swift in Sources */ = {isa = PBXBuildFile; fileRef = 1AB62E492F241CC100744520 /* URLSource.swift */; };
		1AB62E8B2F241CC100744520 /* PersistentlyCacheable.swift in Sources */ = {isa = PBXBuildFile; fileRef = 1AB62E1B2F241CC100744520 /* PersistentlyCacheable.swift */; };
		1AB62E8C2F241CC100744520 /* ChatControllerDelegate.swift in Sources */ = {isa = PBXBuildFile; fileRef = 1AB62E152F241CC100744520 /* ChatControllerDelegate.swift */; };
		1AB62E8D2F241CC100744520 /* TextGenerator.swift in Sources */ = {isa = PBXBuildFile; fileRef = 1AB62E2F2F241CC100744520 /* TextGenerator.swift */; };
		1AB62E8E2F241CC100744520 /* CollectionViewChatLayout.swift in Sources */ = {isa = PBXBuildFile; fileRef = 1AB62E662F241CC100744520 /* CollectionViewChatLayout.swift */; };
		1AB62E8F2F241CC100744520 /* ChatItemPinningType.swift in Sources */ = {isa = PBXBuildFile; fileRef = 1AB62E602F241CC100744520 /* ChatItemPinningType.swift */; };
		1AB62E902F241CC100744520 /* ImageForUrlCache.swift in Sources */ = {isa = PBXBuildFile; fileRef = 1AB62E1E2F241CC100744520 /* ImageForUrlCache.swift */; };
		1AB62E912F241CC100744520 /* CGRect+Extension.swift in Sources */ = {isa = PBXBuildFile; fileRef = 1AB62E522F241CC100744520 /* CGRect+Extension.swift */; };
		1AB62E922F241CC100744520 /* ManualAnimator.swift in Sources */ = {isa = PBXBuildFile; fileRef = 1AB62E412F241CC100744520 /* ManualAnimator.swift */; };
		1AB62E932F241CC100744520 /* TextMessageController.swift in Sources */ = {isa = PBXBuildFile; fileRef = 1AB62E452F241CC100744520 /* TextMessageController.swift */; };
		1AB62E942F241CC100744520 /* ChatCollectionDataSource.swift in Sources */ = {isa = PBXBuildFile; fileRef = 1AB62E352F241CC100744520 /* ChatCollectionDataSource.swift */; };
		1AB62E952F241CC100744520 /* StaticViewFactory.swift in Sources */ = {isa = PBXBuildFile; fileRef = 1AB62E732F241CC100744520 /* StaticViewFactory.swift */; };
		1AB62E962F241CC100744520 /* CachingImageLoader.swift in Sources */ = {isa = PBXBuildFile; fileRef = 1AB62E0B2F241CC100744520 /* CachingImageLoader.swift */; };
		1AB62E972F241CC100744520 /* ContainerCollectionReusableView.swift in Sources */ = {isa = PBXBuildFile; fileRef = 1AB62E6C2F241CC100744520 /* ContainerCollectionReusableView.swift */; };
		1AB62E982F241CC100744520 /* AvatarViewController.swift in Sources */ = {isa = PBXBuildFile; fileRef = 1AB62E332F241CC100744520 /* AvatarViewController.swift */; };
		1AB62E992F241CC100744520 /* ChatLayoutPositionSnapshot.swift in Sources */ = {isa = PBXBuildFile; fileRef = 1AB62E642F241CC100744520 /* ChatLayoutPositionSnapshot.swift */; };
		1AB62E9A2F241CC100744520 /* Cell.swift in Sources */ = {isa = PBXBuildFile; fileRef = 1AB62E262F241CC100744520 /* Cell.swift */; };
		1AB62E9B2F241CC100744520 /* RawMessage.swift in Sources */ = {isa = PBXBuildFile; fileRef = 1AB62E282F241CC100744520 /* RawMessage.swift */; };
		1AB62E9C2F241CC100744520 /* CellLayoutContainerView.swift in Sources */ = {isa = PBXBuildFile; fileRef = 1AB62E6B2F241CC100744520 /* CellLayoutContainerView.swift */; };
		1AB62E9D2F241CC100744520 /* NSLayoutDimension+Extension.swift in Sources */ = {isa = PBXBuildFile; fileRef = 1AB62E692F241CC100744520 /* NSLayoutDimension+Extension.swift */; };
		1AB62E9E2F241CC100744520 /* KeyboardListenerDelegate.swift in Sources */ = {isa = PBXBuildFile; fileRef = 1AB62E122F241CC100744520 /* KeyboardListenerDelegate.swift */; };
		1AB62E9F2F241CC100744520 /* ImageController.swift in Sources */ = {isa = PBXBuildFile; fileRef = 1AB62E3A2F241CC100744520 /* ImageController.swift */; };
		1AB62EA02F241CC100744520 /* DifferenceKit+Extension.swift in Sources */ = {isa = PBXBuildFile; fileRef = 1AB62E082F241CC100744520 /* DifferenceKit+Extension.swift */; };
		1AB62EA12F241CC100744520 /* ChatLayoutAttributes.swift in Sources */ = {isa = PBXBuildFile; fileRef = 1AB62E612F241CC100744520 /* ChatLayoutAttributes.swift */; };
		1AB62EA22F241CC100744520 /* Constants.swift in Sources */ = {isa = PBXBuildFile; fileRef = 1AB62E502F241CC100744520 /* Constants.swift */; };
		1AB62EA32F241CC100744520 /* IterativeCache.swift in Sources */ = {isa = PBXBuildFile; fileRef = 1AB62E182F241CC100744520 /* IterativeCache.swift */; };
		1AB62EA42F241CC100744520 /* SwappingContainerView.swift in Sources */ = {isa = PBXBuildFile; fileRef = 1AB62E742F241CC100744520 /* SwappingContainerView.swift */; };
		1AB62EA52F241CC100744520 /* ContainerCollectionViewCellDelegate.swift in Sources */ = {isa = PBXBuildFile; fileRef = 1AB62E6E2F241CC100744520 /* ContainerCollectionViewCellDelegate.swift */; };
		1AB62EA62F241CC100744520 /* LayoutModel.swift in Sources */ = {isa = PBXBuildFile; fileRef = 1AB62E5A2F241CC100744520 /* LayoutModel.swift */; };
		1AB62EA72F241CC100744520 /* User.swift in Sources */ = {isa = PBXBuildFile; fileRef = 1AB62E2B2F241CC100744520 /* User.swift */; };
		1AB62EA82F241CC100744520 /* ImageMaskedView.swift in Sources */ = {isa = PBXBuildFile; fileRef = 1AB62E702F241CC100744520 /* ImageMaskedView.swift */; };
		1AB62EA92F241CC100744520 /* ContainerCollectionViewCell.swift in Sources */ = {isa = PBXBuildFile; fileRef = 1AB62E6D2F241CC100744520 /* ContainerCollectionViewCell.swift */; };
		1AB62EAA2F241CC100744520 /* NSLayoutAnchor+Extension.swift in Sources */ = {isa = PBXBuildFile; fileRef = 1AB62E682F241CC100744520 /* NSLayoutAnchor+Extension.swift */; };
		1AB62EAB2F241CC100744520 /* BezierMaskedView.swift in Sources */ = {isa = PBXBuildFile; fileRef = 1AB62E3E2F241CC100744520 /* BezierMaskedView.swift */; };
		1AB62EAC2F241CC100744520 /* ChatLayoutInvalidationContext.swift in Sources */ = {isa = PBXBuildFile; fileRef = 1AB62E632F241CC100744520 /* ChatLayoutInvalidationContext.swift */; };
		1AB62EAD2F241CC100744520 /* ChangeItem.swift in Sources */ = {isa = PBXBuildFile; fileRef = 1AB62E562F241CC100744520 /* ChangeItem.swift */; };
		1AB62EAE2F241CC100744520 /* MetaDataCache.swift in Sources */ = {isa = PBXBuildFile; fileRef = 1AB62E202F241CC100744520 /* MetaDataCache.swift */; };
		1AB62EAF2F241CC100744520 /* ChatLayoutDelegate.swift in Sources */ = {isa = PBXBuildFile; fileRef = 1AB62E622F241CC100744520 /* ChatLayoutDelegate.swift */; };
		1AB62EB12F241CC100744520 /* RoundedCornersContainerView.swift in Sources */ = {isa = PBXBuildFile; fileRef = 1AB62E722F241CC100744520 /* RoundedCornersContainerView.swift */; };
		1AB62EB22F241CC100744520 /* KeyboardInfo.swift in Sources */ = {isa = PBXBuildFile; fileRef = 1AB62E102F241CC100744520 /* KeyboardInfo.swift */; };
		1AB62EB32F241CC100744520 /* ChatViewController.swift in Sources */ = {isa = PBXBuildFile; fileRef = 1AB62E4C2F241CC100744520 /* ChatViewController.swift */; };
		1AB62EB42F241CC100744520 /* CacheError.swift in Sources */ = {isa = PBXBuildFile; fileRef = 1AB62E232F241CC100744520 /* CacheError.swift */; };
		1AB62EB52F241CC100744520 /* ImageMessageSource.swift in Sources */ = {isa = PBXBuildFile; fileRef = 1AB62E0E2F241CC100744520 /* ImageMessageSource.swift */; };
		1AB62EB62F241CC100744520 /* TextMessageView.swift in Sources */ = {isa = PBXBuildFile; fileRef = 1AB62E462F241CC100744520 /* TextMessageView.swift */; };
		1AB62EB72F241CC100744520 /* ChatDateFormatter.swift in Sources */ = {isa = PBXBuildFile; fileRef = 1AB62E2E2F241CC100744520 /* ChatDateFormatter.swift */; };
		1AB62EB82F241CC100744520 /* Caches.swift in Sources */ = {isa = PBXBuildFile; fileRef = 1AB62E2D2F241CC100744520 /* Caches.swift */; };
		1AB62EB92F241CC100744520 /* ItemModel.swift in Sources */ = {isa = PBXBuildFile; fileRef = 1AB62E572F241CC100744520 /* ItemModel.swift */; };
		1AB62EBA2F241CC100744520 /* URLController.swift in Sources */ = {isa = PBXBuildFile; fileRef = 1AB62E482F241CC100744520 /* URLController.swift */; };
		1AB62EBB2F241CC100744520 /* ImageLoader.swift in Sources */ = {isa = PBXBuildFile; fileRef = 1AB62E0D2F241CC100744520 /* ImageLoader.swift */; };
		1AB62EBC2F241CC100744520 /* AvatarPlaceholderView.swift in Sources */ = {isa = PBXBuildFile; fileRef = 1AB62E312F241CC100744520 /* AvatarPlaceholderView.swift */; };
		1AB62EBD2F241CC100744520 /* ImageViewState.swift in Sources */ = {isa = PBXBuildFile; fileRef = 1AB62E3C2F241CC100744520 /* ImageViewState.swift */; };
		1AB62EBE2F241CC100744520 /* ModelState.swift in Sources */ = {isa = PBXBuildFile; fileRef = 1AB62E5B2F241CC100744520 /* ModelState.swift */; };
		1AB62EBF2F241CC100744520 /* StatusView.swift in Sources */ = {isa = PBXBuildFile; fileRef = 1AB62E432F241CC100744520 /* StatusView.swift */; };
		1AB62EC02F241CC100744520 /* KeyboardListener.swift in Sources */ = {isa = PBXBuildFile; fileRef = 1AB62E112F241CC100744520 /* KeyboardListener.swift */; };
		1AB62EC12F241CC100744520 /* ChatController.swift in Sources */ = {isa = PBXBuildFile; fileRef = 1AB62E142F241CC100744520 /* ChatController.swift */; };
		1AB62EC22F241CC100744520 /* ChatLayoutSettings.swift in Sources */ = {isa = PBXBuildFile; fileRef = 1AB62E652F241CC100744520 /* ChatLayoutSettings.swift */; };
		1AB62EC32F241CC100744520 /* RandomAccessCollection+Extension.swift in Sources */ = {isa = PBXBuildFile; fileRef = 1AB62E542F241CC100744520 /* RandomAccessCollection+Extension.swift */; };
		1AB62EC42F241CC100744520 /* IndexPath+Extension.swift in Sources */ = {isa = PBXBuildFile; fileRef = 1AB62E532F241CC100744520 /* IndexPath+Extension.swift */; };
		1AB62EC52F241CC100744520 /* DefaultImageLoader.swift in Sources */ = {isa = PBXBuildFile; fileRef = 1AB62E0C2F241CC100744520 /* DefaultImageLoader.swift */; };
		1AB62EC62F241CC100744520 /* DateSeparatorView.swift in Sources */ = {isa = PBXBuildFile; fileRef = 1AB62E382F241CC100744520 /* DateSeparatorView.swift */; };
		1AB62EC72F241CC100744520 /* SetActor.swift in Sources */ = {isa = PBXBuildFile; fileRef = 1AB62E092F241CC100744520 /* SetActor.swift */; };
		1AB62EC82F241CC100744520 /* MemoryDataCache.swift in Sources */ = {isa = PBXBuildFile; fileRef = 1AB62E192F241CC100744520 /* MemoryDataCache.swift */; };
		1AB62EC92F241CC100744520 /* StateController.swift in Sources */ = {isa = PBXBuildFile; fileRef = 1AB62E5D2F241CC100744520 /* StateController.swift */; };
		1AB62ECA2F241CC100744520 /* URLView.swift in Sources */ = {isa = PBXBuildFile; fileRef = 1AB62E4A2F241CC100744520 /* URLView.swift */; };
		1AC57BB02F1AF95F001D7A3C /* RNChatViewManager.swift in Sources */ = {isa = PBXBuildFile; fileRef = 1AC57BAF2F1AF95B001D7A3C /* RNChatViewManager.swift */; };
		1AC57BB42F1AF9AA001D7A3C /* RNChatViewManager.m in Sources */ = {isa = PBXBuildFile; fileRef = 1AC57BB32F1AF9A4001D7A3C /* RNChatViewManager.m */; };
		1AC5817C2F1C4EC7001D7A3C /* ChatViewManager+Methods.swift in Sources */ = {isa = PBXBuildFile; fileRef = 1AC5817B2F1C4EC4001D7A3C /* ChatViewManager+Methods.swift */; };
		1AC5817E2F1C50A7001D7A3C /* RNChatContainer.swift in Sources */ = {isa = PBXBuildFile; fileRef = 1AC5817D2F1C50A2001D7A3C /* RNChatContainer.swift */; };
		1AF66A762985C92A00C0291A /* Config.xcconfig in Resources */ = {isa = PBXBuildFile; fileRef = 1AF66A752985C92A00C0291A /* Config.xcconfig */; };
		5371459C5F8B543F878ADAE4 /* Pods_rnapp.framework in Frameworks */ = {isa = PBXBuildFile; fileRef = 6CC97F6DEBEB5E6B20C93707 /* Pods_rnapp.framework */; };
		6B8EDE08DB6C47E9A3C312B9 /* Colors.xcassets in Resources */ = {isa = PBXBuildFile; fileRef = 6FC6B77CA1F5423B9554D5D7 /* Colors.xcassets */; };
		CC603F782703C362796B786E /* PrivacyInfo.xcprivacy in Resources */ = {isa = PBXBuildFile; fileRef = A42C0DDD9A39810F081B5EB6 /* PrivacyInfo.xcprivacy */; };
		F30E838A41764B0FB4F0A4CF /* BootSplash.storyboard in Resources */ = {isa = PBXBuildFile; fileRef = BC02A0B7016748448EED9C9D /* BootSplash.storyboard */; };
/* End PBXBuildFile section */

/* Begin PBXFileReference section */
		13B07F961A680F5B00A75B9A /* rnapp.app */ = {isa = PBXFileReference; explicitFileType = wrapper.application; includeInIndex = 0; path = rnapp.app; sourceTree = BUILT_PRODUCTS_DIR; };
		13B07FB51A68108700A75B9A /* Images.xcassets */ = {isa = PBXFileReference; lastKnownFileType = folder.assetcatalog; name = Images.xcassets; path = rnapp/Images.xcassets; sourceTree = "<group>"; };
		13B07FB61A68108700A75B9A /* Info.plist */ = {isa = PBXFileReference; fileEncoding = 4; lastKnownFileType = text.plist.xml; name = Info.plist; path = rnapp/Info.plist; sourceTree = "<group>"; };
		1A8169D92D8B10590020AC31 /* AppDelegate.swift */ = {isa = PBXFileReference; lastKnownFileType = sourcecode.swift; name = AppDelegate.swift; path = rnapp/AppDelegate.swift; sourceTree = "<group>"; };
		1A8368022F13070100FB3432 /* GoogleService-Info.plist */ = {isa = PBXFileReference; lastKnownFileType = text.plist.xml; path = "GoogleService-Info.plist"; sourceTree = "<group>"; };
		1AB62E082F241CC100744520 /* DifferenceKit+Extension.swift */ = {isa = PBXFileReference; lastKnownFileType = sourcecode.swift; path = "DifferenceKit+Extension.swift"; sourceTree = "<group>"; };
		1AB62E092F241CC100744520 /* SetActor.swift */ = {isa = PBXFileReference; lastKnownFileType = sourcecode.swift; path = SetActor.swift; sourceTree = "<group>"; };
		1AB62E0B2F241CC100744520 /* CachingImageLoader.swift */ = {isa = PBXFileReference; lastKnownFileType = sourcecode.swift; path = CachingImageLoader.swift; sourceTree = "<group>"; };
		1AB62E0C2F241CC100744520 /* DefaultImageLoader.swift */ = {isa = PBXFileReference; lastKnownFileType = sourcecode.swift; path = DefaultImageLoader.swift; sourceTree = "<group>"; };
		1AB62E0D2F241CC100744520 /* ImageLoader.swift */ = {isa = PBXFileReference; lastKnownFileType = sourcecode.swift; path = ImageLoader.swift; sourceTree = "<group>"; };
		1AB62E0E2F241CC100744520 /* ImageMessageSource.swift */ = {isa = PBXFileReference; lastKnownFileType = sourcecode.swift; path = ImageMessageSource.swift; sourceTree = "<group>"; };
		1AB62E102F241CC100744520 /* KeyboardInfo.swift */ = {isa = PBXFileReference; lastKnownFileType = sourcecode.swift; path = KeyboardInfo.swift; sourceTree = "<group>"; };
		1AB62E112F241CC100744520 /* KeyboardListener.swift */ = {isa = PBXFileReference; lastKnownFileType = sourcecode.swift; path = KeyboardListener.swift; sourceTree = "<group>"; };
		1AB62E122F241CC100744520 /* KeyboardListenerDelegate.swift */ = {isa = PBXFileReference; lastKnownFileType = sourcecode.swift; path = KeyboardListenerDelegate.swift; sourceTree = "<group>"; };
		1AB62E142F241CC100744520 /* ChatController.swift */ = {isa = PBXFileReference; lastKnownFileType = sourcecode.swift; path = ChatController.swift; sourceTree = "<group>"; };
		1AB62E152F241CC100744520 /* ChatControllerDelegate.swift */ = {isa = PBXFileReference; lastKnownFileType = sourcecode.swift; path = ChatControllerDelegate.swift; sourceTree = "<group>"; };
		1AB62E162F241CC100744520 /* DefaultChatController.swift */ = {isa = PBXFileReference; lastKnownFileType = sourcecode.swift; path = DefaultChatController.swift; sourceTree = "<group>"; };
		1AB62E182F241CC100744520 /* IterativeCache.swift */ = {isa = PBXFileReference; lastKnownFileType = sourcecode.swift; path = IterativeCache.swift; sourceTree = "<group>"; };
		1AB62E192F241CC100744520 /* MemoryDataCache.swift */ = {isa = PBXFileReference; lastKnownFileType = sourcecode.swift; path = MemoryDataCache.swift; sourceTree = "<group>"; };
		1AB62E1A2F241CC100744520 /* PersistentDataCache.swift */ = {isa = PBXFileReference; lastKnownFileType = sourcecode.swift; path = PersistentDataCache.swift; sourceTree = "<group>"; };
		1AB62E1B2F241CC100744520 /* PersistentlyCacheable.swift */ = {isa = PBXFileReference; lastKnownFileType = sourcecode.swift; path = PersistentlyCacheable.swift; sourceTree = "<group>"; };
		1AB62E1D2F241CC100744520 /* CacheableImageKey.swift */ = {isa = PBXFileReference; lastKnownFileType = sourcecode.swift; path = CacheableImageKey.swift; sourceTree = "<group>"; };
		1AB62E1E2F241CC100744520 /* ImageForUrlCache.swift */ = {isa = PBXFileReference; lastKnownFileType = sourcecode.swift; path = ImageForUrlCache.swift; sourceTree = "<group>"; };
		1AB62E202F241CC100744520 /* MetaDataCache.swift */ = {isa = PBXFileReference; lastKnownFileType = sourcecode.swift; path = MetaDataCache.swift; sourceTree = "<group>"; };
		1AB62E222F241CC100744520 /* AsyncKeyValueCaching.swift */ = {isa = PBXFileReference; lastKnownFileType = sourcecode.swift; path = AsyncKeyValueCaching.swift; sourceTree = "<group>"; };
		1AB62E232F241CC100744520 /* CacheError.swift */ = {isa = PBXFileReference; lastKnownFileType = sourcecode.swift; path = CacheError.swift; sourceTree = "<group>"; };
		1AB62E242F241CC100744520 /* KeyValueCaching.swift */ = {isa = PBXFileReference; lastKnownFileType = sourcecode.swift; path = KeyValueCaching.swift; sourceTree = "<group>"; };
		1AB62E262F241CC100744520 /* Cell.swift */ = {isa = PBXFileReference; lastKnownFileType = sourcecode.swift; path = Cell.swift; sourceTree = "<group>"; };
		1AB62E272F241CC100744520 /* Message.swift */ = {isa = PBXFileReference; lastKnownFileType = sourcecode.swift; path = Message.swift; sourceTree = "<group>"; };
		1AB62E282F241CC100744520 /* RawMessage.swift */ = {isa = PBXFileReference; lastKnownFileType = sourcecode.swift; path = RawMessage.swift; sourceTree = "<group>"; };
		1AB62E292F241CC100744520 /* Section.swift */ = {isa = PBXFileReference; lastKnownFileType = sourcecode.swift; path = Section.swift; sourceTree = "<group>"; };
		1AB62E2A2F241CC100744520 /* TypingState.swift */ = {isa = PBXFileReference; lastKnownFileType = sourcecode.swift; path = TypingState.swift; sourceTree = "<group>"; };
		1AB62E2B2F241CC100744520 /* User.swift */ = {isa = PBXFileReference; lastKnownFileType = sourcecode.swift; path = User.swift; sourceTree = "<group>"; };
		1AB62E2D2F241CC100744520 /* Caches.swift */ = {isa = PBXFileReference; lastKnownFileType = sourcecode.swift; path = Caches.swift; sourceTree = "<group>"; };
		1AB62E2E2F241CC100744520 /* ChatDateFormatter.swift */ = {isa = PBXFileReference; lastKnownFileType = sourcecode.swift; path = ChatDateFormatter.swift; sourceTree = "<group>"; };
		1AB62E2F2F241CC100744520 /* TextGenerator.swift */ = {isa = PBXFileReference; lastKnownFileType = sourcecode.swift; path = TextGenerator.swift; sourceTree = "<group>"; };
		1AB62E312F241CC100744520 /* AvatarPlaceholderView.swift */ = {isa = PBXFileReference; lastKnownFileType = sourcecode.swift; path = AvatarPlaceholderView.swift; sourceTree = "<group>"; };
		1AB62E322F241CC100744520 /* AvatarView.swift */ = {isa = PBXFileReference; lastKnownFileType = sourcecode.swift; path = AvatarView.swift; sourceTree = "<group>"; };
		1AB62E332F241CC100744520 /* AvatarViewController.swift */ = {isa = PBXFileReference; lastKnownFileType = sourcecode.swift; path = AvatarViewController.swift; sourceTree = "<group>"; };
		1AB62E352F241CC100744520 /* ChatCollectionDataSource.swift */ = {isa = PBXFileReference; lastKnownFileType = sourcecode.swift; path = ChatCollectionDataSource.swift; sourceTree = "<group>"; };
		1AB62E362F241CC100744520 /* DefaultChatCollectionDataSource.swift */ = {isa = PBXFileReference; lastKnownFileType = sourcecode.swift; path = DefaultChatCollectionDataSource.swift; sourceTree = "<group>"; };
		1AB62E382F241CC100744520 /* DateSeparatorView.swift */ = {isa = PBXFileReference; lastKnownFileType = sourcecode.swift; path = DateSeparatorView.swift; sourceTree = "<group>"; };
		1AB62E3A2F241CC100744520 /* ImageController.swift */ = {isa = PBXFileReference; lastKnownFileType = sourcecode.swift; path = ImageController.swift; sourceTree = "<group>"; };
		1AB62E3B2F241CC100744520 /* ImageView.swift */ = {isa = PBXFileReference; lastKnownFileType = sourcecode.swift; path = ImageView.swift; sourceTree = "<group>"; };
		1AB62E3C2F241CC100744520 /* ImageViewState.swift */ = {isa = PBXFileReference; lastKnownFileType = sourcecode.swift; path = ImageViewState.swift; sourceTree = "<group>"; };
		1AB62E3E2F241CC100744520 /* BezierMaskedView.swift */ = {isa = PBXFileReference; lastKnownFileType = sourcecode.swift; path = BezierMaskedView.swift; sourceTree = "<group>"; };
		1AB62E402F241CC100744520 /* MainContainerView.swift */ = {isa = PBXFileReference; lastKnownFileType = sourcecode.swift; path = MainContainerView.swift; sourceTree = "<group>"; };
		1AB62E412F241CC100744520 /* ManualAnimator.swift */ = {isa = PBXFileReference; lastKnownFileType = sourcecode.swift; path = ManualAnimator.swift; sourceTree = "<group>"; };
		1AB62E432F241CC100744520 /* StatusView.swift */ = {isa = PBXFileReference; lastKnownFileType = sourcecode.swift; path = StatusView.swift; sourceTree = "<group>"; };
		1AB62E452F241CC100744520 /* TextMessageController.swift */ = {isa = PBXFileReference; lastKnownFileType = sourcecode.swift; path = TextMessageController.swift; sourceTree = "<group>"; };
		1AB62E462F241CC100744520 /* TextMessageView.swift */ = {isa = PBXFileReference; lastKnownFileType = sourcecode.swift; path = TextMessageView.swift; sourceTree = "<group>"; };
		1AB62E482F241CC100744520 /* URLController.swift */ = {isa = PBXFileReference; lastKnownFileType = sourcecode.swift; path = URLController.swift; sourceTree = "<group>"; };
		1AB62E492F241CC100744520 /* URLSource.swift */ = {isa = PBXFileReference; lastKnownFileType = sourcecode.swift; path = URLSource.swift; sourceTree = "<group>"; };
		1AB62E4A2F241CC100744520 /* URLView.swift */ = {isa = PBXFileReference; lastKnownFileType = sourcecode.swift; path = URLView.swift; sourceTree = "<group>"; };
		1AB62E4C2F241CC100744520 /* ChatViewController.swift */ = {isa = PBXFileReference; lastKnownFileType = sourcecode.swift; path = ChatViewController.swift; sourceTree = "<group>"; };
		1AB62E4D2F241CC100744520 /* ChatViewControllerDelegate.swift */ = {isa = PBXFileReference; lastKnownFileType = sourcecode.swift; path = ChatViewControllerDelegate.swift; sourceTree = "<group>"; };
		1AB62E4F2F241CC100744520 /* ChatModuleBuilder.swift */ = {isa = PBXFileReference; lastKnownFileType = sourcecode.swift; path = ChatModuleBuilder.swift; sourceTree = "<group>"; };
		1AB62E502F241CC100744520 /* Constants.swift */ = {isa = PBXFileReference; lastKnownFileType = sourcecode.swift; path = Constants.swift; sourceTree = "<group>"; };
		1AB62E522F241CC100744520 /* CGRect+Extension.swift */ = {isa = PBXFileReference; lastKnownFileType = sourcecode.swift; path = "CGRect+Extension.swift"; sourceTree = "<group>"; };
		1AB62E532F241CC100744520 /* IndexPath+Extension.swift */ = {isa = PBXFileReference; lastKnownFileType = sourcecode.swift; path = "IndexPath+Extension.swift"; sourceTree = "<group>"; };
		1AB62E542F241CC100744520 /* RandomAccessCollection+Extension.swift */ = {isa = PBXFileReference; lastKnownFileType = sourcecode.swift; path = "RandomAccessCollection+Extension.swift"; sourceTree = "<group>"; };
		1AB62E562F241CC100744520 /* ChangeItem.swift */ = {isa = PBXFileReference; lastKnownFileType = sourcecode.swift; path = ChangeItem.swift; sourceTree = "<group>"; };
		1AB62E572F241CC100744520 /* ItemModel.swift */ = {isa = PBXFileReference; lastKnownFileType = sourcecode.swift; path = ItemModel.swift; sourceTree = "<group>"; };
		1AB62E582F241CC100744520 /* ItemPath.swift */ = {isa = PBXFileReference; lastKnownFileType = sourcecode.swift; path = ItemPath.swift; sourceTree = "<group>"; };
		1AB62E592F241CC100744520 /* ItemSize.swift */ = {isa = PBXFileReference; lastKnownFileType = sourcecode.swift; path = ItemSize.swift; sourceTree = "<group>"; };
		1AB62E5A2F241CC100744520 /* LayoutModel.swift */ = {isa = PBXFileReference; lastKnownFileType = sourcecode.swift; path = LayoutModel.swift; sourceTree = "<group>"; };
		1AB62E5B2F241CC100744520 /* ModelState.swift */ = {isa = PBXFileReference; lastKnownFileType = sourcecode.swift; path = ModelState.swift; sourceTree = "<group>"; };
		1AB62E5C2F241CC100744520 /* SectionModel.swift */ = {isa = PBXFileReference; lastKnownFileType = sourcecode.swift; path = SectionModel.swift; sourceTree = "<group>"; };
		1AB62E5D2F241CC100744520 /* StateController.swift */ = {isa = PBXFileReference; lastKnownFileType = sourcecode.swift; path = StateController.swift; sourceTree = "<group>"; };
		1AB62E5F2F241CC100744520 /* ChatItemAlignment.swift */ = {isa = PBXFileReference; lastKnownFileType = sourcecode.swift; path = ChatItemAlignment.swift; sourceTree = "<group>"; };
		1AB62E602F241CC100744520 /* ChatItemPinningType.swift */ = {isa = PBXFileReference; lastKnownFileType = sourcecode.swift; path = ChatItemPinningType.swift; sourceTree = "<group>"; };
		1AB62E612F241CC100744520 /* ChatLayoutAttributes.swift */ = {isa = PBXFileReference; lastKnownFileType = sourcecode.swift; path = ChatLayoutAttributes.swift; sourceTree = "<group>"; };
		1AB62E622F241CC100744520 /* ChatLayoutDelegate.swift */ = {isa = PBXFileReference; lastKnownFileType = sourcecode.swift; path = ChatLayoutDelegate.swift; sourceTree = "<group>"; };
		1AB62E632F241CC100744520 /* ChatLayoutInvalidationContext.swift */ = {isa = PBXFileReference; lastKnownFileType = sourcecode.swift; path = ChatLayoutInvalidationContext.swift; sourceTree = "<group>"; };
		1AB62E642F241CC100744520 /* ChatLayoutPositionSnapshot.swift */ = {isa = PBXFileReference; lastKnownFileType = sourcecode.swift; path = ChatLayoutPositionSnapshot.swift; sourceTree = "<group>"; };
		1AB62E652F241CC100744520 /* ChatLayoutSettings.swift */ = {isa = PBXFileReference; lastKnownFileType = sourcecode.swift; path = ChatLayoutSettings.swift; sourceTree = "<group>"; };
		1AB62E662F241CC100744520 /* CollectionViewChatLayout.swift */ = {isa = PBXFileReference; lastKnownFileType = sourcecode.swift; path = CollectionViewChatLayout.swift; sourceTree = "<group>"; };
		1AB62E682F241CC100744520 /* NSLayoutAnchor+Extension.swift */ = {isa = PBXFileReference; lastKnownFileType = sourcecode.swift; path = "NSLayoutAnchor+Extension.swift"; sourceTree = "<group>"; };
		1AB62E692F241CC100744520 /* NSLayoutDimension+Extension.swift */ = {isa = PBXFileReference; lastKnownFileType = sourcecode.swift; path = "NSLayoutDimension+Extension.swift"; sourceTree = "<group>"; };
		1AB62E6B2F241CC100744520 /* CellLayoutContainerView.swift */ = {isa = PBXFileReference; lastKnownFileType = sourcecode.swift; path = CellLayoutContainerView.swift; sourceTree = "<group>"; };
		1AB62E6C2F241CC100744520 /* ContainerCollectionReusableView.swift */ = {isa = PBXFileReference; lastKnownFileType = sourcecode.swift; path = ContainerCollectionReusableView.swift; sourceTree = "<group>"; };
		1AB62E6D2F241CC100744520 /* ContainerCollectionViewCell.swift */ = {isa = PBXFileReference; lastKnownFileType = sourcecode.swift; path = ContainerCollectionViewCell.swift; sourceTree = "<group>"; };
		1AB62E6E2F241CC100744520 /* ContainerCollectionViewCellDelegate.swift */ = {isa = PBXFileReference; lastKnownFileType = sourcecode.swift; path = ContainerCollectionViewCellDelegate.swift; sourceTree = "<group>"; };
		1AB62E6F2F241CC100744520 /* EdgeAligningView.swift */ = {isa = PBXFileReference; lastKnownFileType = sourcecode.swift; path = EdgeAligningView.swift; sourceTree = "<group>"; };
		1AB62E702F241CC100744520 /* ImageMaskedView.swift */ = {isa = PBXFileReference; lastKnownFileType = sourcecode.swift; path = ImageMaskedView.swift; sourceTree = "<group>"; };
		1AB62E712F241CC100744520 /* MessageContainerView.swift */ = {isa = PBXFileReference; lastKnownFileType = sourcecode.swift; path = MessageContainerView.swift; sourceTree = "<group>"; };
		1AB62E722F241CC100744520 /* RoundedCornersContainerView.swift */ = {isa = PBXFileReference; lastKnownFileType = sourcecode.swift; path = RoundedCornersContainerView.swift; sourceTree = "<group>"; };
		1AB62E732F241CC100744520 /* StaticViewFactory.swift */ = {isa = PBXFileReference; lastKnownFileType = sourcecode.swift; path = StaticViewFactory.swift; sourceTree = "<group>"; };
		1AB62E742F241CC100744520 /* SwappingContainerView.swift */ = {isa = PBXFileReference; lastKnownFileType = sourcecode.swift; path = SwappingContainerView.swift; sourceTree = "<group>"; };
		1AC1B12A2D94A0FB001F55D3 /* rnapp-Bridging-Header.h */ = {isa = PBXFileReference; lastKnownFileType = sourcecode.c.h; name = "rnapp-Bridging-Header.h"; path = "rnapp/rnapp-Bridging-Header.h"; sourceTree = "<group>"; };
		1AC57BAF2F1AF95B001D7A3C /* RNChatViewManager.swift */ = {isa = PBXFileReference; lastKnownFileType = sourcecode.swift; path = RNChatViewManager.swift; sourceTree = "<group>"; };
		1AC57BB32F1AF9A4001D7A3C /* RNChatViewManager.m */ = {isa = PBXFileReference; lastKnownFileType = sourcecode.c.objc; path = RNChatViewManager.m; sourceTree = "<group>"; };
		1AC5817B2F1C4EC4001D7A3C /* ChatViewManager+Methods.swift */ = {isa = PBXFileReference; lastKnownFileType = sourcecode.swift; path = "ChatViewManager+Methods.swift"; sourceTree = "<group>"; };
		1AC5817D2F1C50A2001D7A3C /* RNChatContainer.swift */ = {isa = PBXFileReference; lastKnownFileType = sourcecode.swift; path = RNChatContainer.swift; sourceTree = "<group>"; };
		1AF66A752985C92A00C0291A /* Config.xcconfig */ = {isa = PBXFileReference; lastKnownFileType = text.xcconfig; path = Config.xcconfig; sourceTree = "<group>"; };
		6CC97F6DEBEB5E6B20C93707 /* Pods_rnapp.framework */ = {isa = PBXFileReference; explicitFileType = wrapper.framework; includeInIndex = 0; path = Pods_rnapp.framework; sourceTree = BUILT_PRODUCTS_DIR; };
		6FC6B77CA1F5423B9554D5D7 /* Colors.xcassets */ = {isa = PBXFileReference; explicitFileType = undefined; fileEncoding = 9; includeInIndex = 0; lastKnownFileType = folder.assetcatalog; name = Colors.xcassets; path = rnapp/Colors.xcassets; sourceTree = "<group>"; };
		9553AEA99DF4D58E8AAA7053 /* Pods-rnapp.release.xcconfig */ = {isa = PBXFileReference; includeInIndex = 1; lastKnownFileType = text.xcconfig; name = "Pods-rnapp.release.xcconfig"; path = "Target Support Files/Pods-rnapp/Pods-rnapp.release.xcconfig"; sourceTree = "<group>"; };
		A42C0DDD9A39810F081B5EB6 /* PrivacyInfo.xcprivacy */ = {isa = PBXFileReference; includeInIndex = 1; lastKnownFileType = text.xml; name = PrivacyInfo.xcprivacy; path = rnapp/PrivacyInfo.xcprivacy; sourceTree = "<group>"; };
		BC02A0B7016748448EED9C9D /* BootSplash.storyboard */ = {isa = PBXFileReference; explicitFileType = undefined; fileEncoding = 9; includeInIndex = 0; lastKnownFileType = unknown; name = BootSplash.storyboard; path = rnapp/BootSplash.storyboard; sourceTree = "<group>"; };
		E82E03AC1EB355290C35125E /* Pods-rnapp.debug.xcconfig */ = {isa = PBXFileReference; includeInIndex = 1; lastKnownFileType = text.xcconfig; name = "Pods-rnapp.debug.xcconfig"; path = "Target Support Files/Pods-rnapp/Pods-rnapp.debug.xcconfig"; sourceTree = "<group>"; };
		ED297162215061F000B7C4FE /* JavaScriptCore.framework */ = {isa = PBXFileReference; lastKnownFileType = wrapper.framework; name = JavaScriptCore.framework; path = System/Library/Frameworks/JavaScriptCore.framework; sourceTree = SDKROOT; };
/* End PBXFileReference section */

/* Begin PBXFileSystemSynchronizedRootGroup section */
		1A881F2A2E47D2E80057B776 /* Picker */ = {
			isa = PBXFileSystemSynchronizedRootGroup;
			exceptions = (
			);
			explicitFileTypes = {
			};
			explicitFolders = (
			);
			path = Picker;
			sourceTree = "<group>";
		};
		1AC571762F17D541001D7A3C /* RNGridView */ = {
			isa = PBXFileSystemSynchronizedRootGroup;
			exceptions = (
			);
			explicitFileTypes = {
			};
			explicitFolders = (
			);
			path = RNGridView;
			sourceTree = "<group>";
		};
/* End PBXFileSystemSynchronizedRootGroup section */

/* Begin PBXFrameworksBuildPhase section */
		13B07F8C1A680F5B00A75B9A /* Frameworks */ = {
			isa = PBXFrameworksBuildPhase;
			buildActionMask = 2147483647;
			files = (
				5371459C5F8B543F878ADAE4 /* Pods_rnapp.framework in Frameworks */,
			);
			runOnlyForDeploymentPostprocessing = 0;
		};
/* End PBXFrameworksBuildPhase section */

/* Begin PBXGroup section */
		13B07FAE1A68108700A75B9A /* rnapp */ = {
			isa = PBXGroup;
			children = (
				1AC57AF42F1AF941001D7A3C /* RNChat */,
				1AC571762F17D541001D7A3C /* RNGridView */,
				1A8368022F13070100FB3432 /* GoogleService-Info.plist */,
				1A881F2A2E47D2E80057B776 /* Picker */,
				1A8169D92D8B10590020AC31 /* AppDelegate.swift */,
				13B07FB51A68108700A75B9A /* Images.xcassets */,
				13B07FB61A68108700A75B9A /* Info.plist */,
				1AF66A752985C92A00C0291A /* Config.xcconfig */,
				A42C0DDD9A39810F081B5EB6 /* PrivacyInfo.xcprivacy */,
				BC02A0B7016748448EED9C9D /* BootSplash.storyboard */,
				6FC6B77CA1F5423B9554D5D7 /* Colors.xcassets */,
				1AC1B12A2D94A0FB001F55D3 /* rnapp-Bridging-Header.h */,
			);
			name = rnapp;
			sourceTree = "<group>";
		};
		1AB62E0A2F241CC100744520 /* Helpers */ = {
			isa = PBXGroup;
			children = (
				1AB62E082F241CC100744520 /* DifferenceKit+Extension.swift */,
				1AB62E092F241CC100744520 /* SetActor.swift */,
			);
			path = Helpers;
			sourceTree = "<group>";
		};
		1AB62E0F2F241CC100744520 /* Image Loader */ = {
			isa = PBXGroup;
			children = (
				1AB62E0B2F241CC100744520 /* CachingImageLoader.swift */,
				1AB62E0C2F241CC100744520 /* DefaultImageLoader.swift */,
				1AB62E0D2F241CC100744520 /* ImageLoader.swift */,
				1AB62E0E2F241CC100744520 /* ImageMessageSource.swift */,
			);
			path = "Image Loader";
			sourceTree = "<group>";
		};
		1AB62E132F241CC100744520 /* Keyboard */ = {
			isa = PBXGroup;
			children = (
				1AB62E102F241CC100744520 /* KeyboardInfo.swift */,
				1AB62E112F241CC100744520 /* KeyboardListener.swift */,
				1AB62E122F241CC100744520 /* KeyboardListenerDelegate.swift */,
			);
			path = Keyboard;
			sourceTree = "<group>";
		};
		1AB62E172F241CC100744520 /* Controller */ = {
			isa = PBXGroup;
			children = (
				1AB62E0A2F241CC100744520 /* Helpers */,
				1AB62E0F2F241CC100744520 /* Image Loader */,
				1AB62E132F241CC100744520 /* Keyboard */,
				1AB62E142F241CC100744520 /* ChatController.swift */,
				1AB62E152F241CC100744520 /* ChatControllerDelegate.swift */,
				1AB62E162F241CC100744520 /* DefaultChatController.swift */,
			);
			path = Controller;
			sourceTree = "<group>";
		};
		1AB62E1C2F241CC100744520 /* Data */ = {
			isa = PBXGroup;
			children = (
				1AB62E182F241CC100744520 /* IterativeCache.swift */,
				1AB62E192F241CC100744520 /* MemoryDataCache.swift */,
				1AB62E1A2F241CC100744520 /* PersistentDataCache.swift */,
				1AB62E1B2F241CC100744520 /* PersistentlyCacheable.swift */,
			);
			path = Data;
			sourceTree = "<group>";
		};
		1AB62E1F2F241CC100744520 /* Image */ = {
			isa = PBXGroup;
			children = (
				1AB62E1D2F241CC100744520 /* CacheableImageKey.swift */,
				1AB62E1E2F241CC100744520 /* ImageForUrlCache.swift */,
			);
			path = Image;
			sourceTree = "<group>";
		};
		1AB62E212F241CC100744520 /* Metadata */ = {
			isa = PBXGroup;
			children = (
				1AB62E202F241CC100744520 /* MetaDataCache.swift */,
			);
			path = Metadata;
			sourceTree = "<group>";
		};
		1AB62E252F241CC100744520 /* Caching */ = {
			isa = PBXGroup;
			children = (
				1AB62E1C2F241CC100744520 /* Data */,
				1AB62E1F2F241CC100744520 /* Image */,
				1AB62E212F241CC100744520 /* Metadata */,
				1AB62E222F241CC100744520 /* AsyncKeyValueCaching.swift */,
				1AB62E232F241CC100744520 /* CacheError.swift */,
				1AB62E242F241CC100744520 /* KeyValueCaching.swift */,
			);
			path = Caching;
			sourceTree = "<group>";
		};
		1AB62E2C2F241CC100744520 /* Data Objects */ = {
			isa = PBXGroup;
			children = (
				1AB62E262F241CC100744520 /* Cell.swift */,
				1AB62E272F241CC100744520 /* Message.swift */,
				1AB62E282F241CC100744520 /* RawMessage.swift */,
				1AB62E292F241CC100744520 /* Section.swift */,
				1AB62E2A2F241CC100744520 /* TypingState.swift */,
				1AB62E2B2F241CC100744520 /* User.swift */,
			);
			path = "Data Objects";
			sourceTree = "<group>";
		};
		1AB62E302F241CC100744520 /* Model */ = {
			isa = PBXGroup;
			children = (
				1AB62E252F241CC100744520 /* Caching */,
				1AB62E2C2F241CC100744520 /* Data Objects */,
				1AB62E2D2F241CC100744520 /* Caches.swift */,
				1AB62E2E2F241CC100744520 /* ChatDateFormatter.swift */,
				1AB62E2F2F241CC100744520 /* TextGenerator.swift */,
			);
			path = Model;
			sourceTree = "<group>";
		};
		1AB62E342F241CC100744520 /* Avatar View */ = {
			isa = PBXGroup;
			children = (
				1AB62E312F241CC100744520 /* AvatarPlaceholderView.swift */,
				1AB62E322F241CC100744520 /* AvatarView.swift */,
				1AB62E332F241CC100744520 /* AvatarViewController.swift */,
			);
			path = "Avatar View";
			sourceTree = "<group>";
		};
		1AB62E372F241CC100744520 /* Data Source */ = {
			isa = PBXGroup;
			children = (
				1AB62E352F241CC100744520 /* ChatCollectionDataSource.swift */,
				1AB62E362F241CC100744520 /* DefaultChatCollectionDataSource.swift */,
			);
			path = "Data Source";
			sourceTree = "<group>";
		};
		1AB62E392F241CC100744520 /* Date Separator */ = {
			isa = PBXGroup;
			children = (
				1AB62E382F241CC100744520 /* DateSeparatorView.swift */,
			);
			path = "Date Separator";
			sourceTree = "<group>";
		};
		1AB62E3D2F241CC100744520 /* Image View */ = {
			isa = PBXGroup;
			children = (
				1AB62E3A2F241CC100744520 /* ImageController.swift */,
				1AB62E3B2F241CC100744520 /* ImageView.swift */,
				1AB62E3C2F241CC100744520 /* ImageViewState.swift */,
			);
			path = "Image View";
			sourceTree = "<group>";
		};
		1AB62E422F241CC100744520 /* Other */ = {
			isa = PBXGroup;
			children = (
				1AB62E3E2F241CC100744520 /* BezierMaskedView.swift */,
				1AB62E402F241CC100744520 /* MainContainerView.swift */,
				1AB62E412F241CC100744520 /* ManualAnimator.swift */,
			);
			path = Other;
			sourceTree = "<group>";
		};
		1AB62E442F241CC100744520 /* Status View */ = {
			isa = PBXGroup;
			children = (
				1AB62E432F241CC100744520 /* StatusView.swift */,
			);
			path = "Status View";
			sourceTree = "<group>";
		};
		1AB62E472F241CC100744520 /* Text Message View */ = {
			isa = PBXGroup;
			children = (
				1AB62E452F241CC100744520 /* TextMessageController.swift */,
				1AB62E462F241CC100744520 /* TextMessageView.swift */,
			);
			path = "Text Message View";
			sourceTree = "<group>";
		};
		1AB62E4B2F241CC100744520 /* URL View */ = {
			isa = PBXGroup;
			children = (
				1AB62E482F241CC100744520 /* URLController.swift */,
				1AB62E492F241CC100744520 /* URLSource.swift */,
				1AB62E4A2F241CC100744520 /* URLView.swift */,
			);
			path = "URL View";
			sourceTree = "<group>";
		};
		1AB62E4E2F241CC100744520 /* View */ = {
			isa = PBXGroup;
			children = (
				1AB62E342F241CC100744520 /* Avatar View */,
				1AB62E372F241CC100744520 /* Data Source */,
				1AB62E392F241CC100744520 /* Date Separator */,
				1AB62E3D2F241CC100744520 /* Image View */,
				1AB62E422F241CC100744520 /* Other */,
				1AB62E442F241CC100744520 /* Status View */,
				1AB62E472F241CC100744520 /* Text Message View */,
				1AB62E4B2F241CC100744520 /* URL View */,
				1AB62E4C2F241CC100744520 /* ChatViewController.swift */,
				1AB62E4D2F241CC100744520 /* ChatViewControllerDelegate.swift */,
			);
			path = View;
			sourceTree = "<group>";
		};
		1AB62E512F241CC100744520 /* Chat */ = {
			isa = PBXGroup;
			children = (
				1AB62E172F241CC100744520 /* Controller */,
				1AB62E302F241CC100744520 /* Model */,
				1AB62E4E2F241CC100744520 /* View */,
				1AB62E4F2F241CC100744520 /* ChatModuleBuilder.swift */,
				1AB62E502F241CC100744520 /* Constants.swift */,
			);
			path = Chat;
			sourceTree = "<group>";
		};
		1AB62E552F241CC100744520 /* Extensions */ = {
			isa = PBXGroup;
			children = (
				1AB62E522F241CC100744520 /* CGRect+Extension.swift */,
				1AB62E532F241CC100744520 /* IndexPath+Extension.swift */,
				1AB62E542F241CC100744520 /* RandomAccessCollection+Extension.swift */,
			);
			path = Extensions;
			sourceTree = "<group>";
		};
		1AB62E5E2F241CC100744520 /* Model */ = {
			isa = PBXGroup;
			children = (
				1AB62E562F241CC100744520 /* ChangeItem.swift */,
				1AB62E572F241CC100744520 /* ItemModel.swift */,
				1AB62E582F241CC100744520 /* ItemPath.swift */,
				1AB62E592F241CC100744520 /* ItemSize.swift */,
				1AB62E5A2F241CC100744520 /* LayoutModel.swift */,
				1AB62E5B2F241CC100744520 /* ModelState.swift */,
				1AB62E5C2F241CC100744520 /* SectionModel.swift */,
				1AB62E5D2F241CC100744520 /* StateController.swift */,
			);
			path = Model;
			sourceTree = "<group>";
		};
		1AB62E672F241CC100744520 /* Core */ = {
			isa = PBXGroup;
			children = (
				1AB62E552F241CC100744520 /* Extensions */,
				1AB62E5E2F241CC100744520 /* Model */,
				1AB62E5F2F241CC100744520 /* ChatItemAlignment.swift */,
				1AB62E602F241CC100744520 /* ChatItemPinningType.swift */,
				1AB62E612F241CC100744520 /* ChatLayoutAttributes.swift */,
				1AB62E622F241CC100744520 /* ChatLayoutDelegate.swift */,
				1AB62E632F241CC100744520 /* ChatLayoutInvalidationContext.swift */,
				1AB62E642F241CC100744520 /* ChatLayoutPositionSnapshot.swift */,
				1AB62E652F241CC100744520 /* ChatLayoutSettings.swift */,
				1AB62E662F241CC100744520 /* CollectionViewChatLayout.swift */,
			);
			path = Core;
			sourceTree = "<group>";
		};
		1AB62E6A2F241CC100744520 /* Extensions */ = {
			isa = PBXGroup;
			children = (
				1AB62E682F241CC100744520 /* NSLayoutAnchor+Extension.swift */,
				1AB62E692F241CC100744520 /* NSLayoutDimension+Extension.swift */,
			);
			path = Extensions;
			sourceTree = "<group>";
		};
		1AB62E752F241CC100744520 /* Extras */ = {
			isa = PBXGroup;
			children = (
				1AB62E6A2F241CC100744520 /* Extensions */,
				1AB62E6B2F241CC100744520 /* CellLayoutContainerView.swift */,
				1AB62E6C2F241CC100744520 /* ContainerCollectionReusableView.swift */,
				1AB62E6D2F241CC100744520 /* ContainerCollectionViewCell.swift */,
				1AB62E6E2F241CC100744520 /* ContainerCollectionViewCellDelegate.swift */,
				1AB62E6F2F241CC100744520 /* EdgeAligningView.swift */,
				1AB62E702F241CC100744520 /* ImageMaskedView.swift */,
				1AB62E712F241CC100744520 /* MessageContainerView.swift */,
				1AB62E722F241CC100744520 /* RoundedCornersContainerView.swift */,
				1AB62E732F241CC100744520 /* StaticViewFactory.swift */,
				1AB62E742F241CC100744520 /* SwappingContainerView.swift */,
			);
			path = Extras;
			sourceTree = "<group>";
		};
		1AC57AF42F1AF941001D7A3C /* RNChat */ = {
			isa = PBXGroup;
			children = (
				1AC5817D2F1C50A2001D7A3C /* RNChatContainer.swift */,
				1AC57BB32F1AF9A4001D7A3C /* RNChatViewManager.m */,
				1AC57BAF2F1AF95B001D7A3C /* RNChatViewManager.swift */,
				1AC5817B2F1C4EC4001D7A3C /* ChatViewManager+Methods.swift */,
				1AB62E512F241CC100744520 /* Chat */,
				1AB62E672F241CC100744520 /* Core */,
				1AB62E752F241CC100744520 /* Extras */,
			);
			path = RNChat;
			sourceTree = "<group>";
		};
		2D16E6871FA4F8E400B85C8A /* Frameworks */ = {
			isa = PBXGroup;
			children = (
				ED297162215061F000B7C4FE /* JavaScriptCore.framework */,
				6CC97F6DEBEB5E6B20C93707 /* Pods_rnapp.framework */,
			);
			name = Frameworks;
			sourceTree = "<group>";
		};
		832341AE1AAA6A7D00B99B32 /* Libraries */ = {
			isa = PBXGroup;
			children = (
			);
			name = Libraries;
			sourceTree = "<group>";
		};
		83CBB9F61A601CBA00E9B192 = {
			isa = PBXGroup;
			children = (
				13B07FAE1A68108700A75B9A /* rnapp */,
				832341AE1AAA6A7D00B99B32 /* Libraries */,
				83CBBA001A601CBA00E9B192 /* Products */,
				2D16E6871FA4F8E400B85C8A /* Frameworks */,
				BBD78D7AC51CEA395F1C20DB /* Pods */,
			);
			indentWidth = 2;
			sourceTree = "<group>";
			tabWidth = 2;
			usesTabs = 0;
		};
		83CBBA001A601CBA00E9B192 /* Products */ = {
			isa = PBXGroup;
			children = (
				13B07F961A680F5B00A75B9A /* rnapp.app */,
			);
			name = Products;
			sourceTree = "<group>";
		};
		BBD78D7AC51CEA395F1C20DB /* Pods */ = {
			isa = PBXGroup;
			children = (
				E82E03AC1EB355290C35125E /* Pods-rnapp.debug.xcconfig */,
				9553AEA99DF4D58E8AAA7053 /* Pods-rnapp.release.xcconfig */,
			);
			path = Pods;
			sourceTree = "<group>";
		};
/* End PBXGroup section */

/* Begin PBXNativeTarget section */
		13B07F861A680F5B00A75B9A /* rnapp */ = {
			isa = PBXNativeTarget;
			buildConfigurationList = 13B07F931A680F5B00A75B9A /* Build configuration list for PBXNativeTarget "rnapp" */;
			buildPhases = (
				B2066DFB21CF162D6806BD5C /* [CP] Check Pods Manifest.lock */,
				FD10A7F022414F080027D42C /* Start Packager */,
				13B07F871A680F5B00A75B9A /* Sources */,
				13B07F8C1A680F5B00A75B9A /* Frameworks */,
				13B07F8E1A680F5B00A75B9A /* Resources */,
				00DD1BFF1BD5951E006B06BC /* Bundle React Native code and images */,
				7B29898203361A93F85719DD /* [CP] Embed Pods Frameworks */,
				5A4591BB6DA6ED669A0B242E /* [CP] Copy Pods Resources */,
				5E29A5503711E5F95C06506F /* [CP-User] [RNFB] Core Configuration */,
			);
			buildRules = (
			);
			dependencies = (
			);
			fileSystemSynchronizedGroups = (
				1A881F2A2E47D2E80057B776 /* Picker */,
				1AC571762F17D541001D7A3C /* RNGridView */,
			);
			name = rnapp;
			productName = rnapp;
			productReference = 13B07F961A680F5B00A75B9A /* rnapp.app */;
			productType = "com.apple.product-type.application";
		};
/* End PBXNativeTarget section */

/* Begin PBXProject section */
		83CBB9F71A601CBA00E9B192 /* Project object */ = {
			isa = PBXProject;
			attributes = {
				LastUpgradeCheck = 1210;
				TargetAttributes = {
					13B07F861A680F5B00A75B9A = {
						LastSwiftMigration = 1600;
					};
				};
			};
			buildConfigurationList = 83CBB9FA1A601CBA00E9B192 /* Build configuration list for PBXProject "rnapp" */;
			compatibilityVersion = "Xcode 12.0";
			developmentRegion = en;
			hasScannedForEncodings = 0;
			knownRegions = (
				en,
				Base,
			);
			mainGroup = 83CBB9F61A601CBA00E9B192;
			productRefGroup = 83CBBA001A601CBA00E9B192 /* Products */;
			projectDirPath = "";
			projectRoot = "";
			targets = (
				13B07F861A680F5B00A75B9A /* rnapp */,
			);
		};
/* End PBXProject section */

/* Begin PBXResourcesBuildPhase section */
		13B07F8E1A680F5B00A75B9A /* Resources */ = {
			isa = PBXResourcesBuildPhase;
			buildActionMask = 2147483647;
			files = (
				1AF66A762985C92A00C0291A /* Config.xcconfig in Resources */,
				13B07FBF1A68108700A75B9A /* Images.xcassets in Resources */,
				CC603F782703C362796B786E /* PrivacyInfo.xcprivacy in Resources */,
				F30E838A41764B0FB4F0A4CF /* BootSplash.storyboard in Resources */,
				6B8EDE08DB6C47E9A3C312B9 /* Colors.xcassets in Resources */,
				1A8368032F13070100FB3432 /* GoogleService-Info.plist in Resources */,
			);
			runOnlyForDeploymentPostprocessing = 0;
		};
/* End PBXResourcesBuildPhase section */

/* Begin PBXShellScriptBuildPhase section */
		00DD1BFF1BD5951E006B06BC /* Bundle React Native code and images */ = {
			isa = PBXShellScriptBuildPhase;
			buildActionMask = 2147483647;
			files = (
			);
			inputPaths = (
				"$(SRCROOT)/.xcode.env.local",
				"$(SRCROOT)/.xcode.env",
			);
			name = "Bundle React Native code and images";
			outputPaths = (
			);
			runOnlyForDeploymentPostprocessing = 0;
			shellPath = /bin/sh;
			shellScript = "set -e\n\nWITH_ENVIRONMENT=\"../node_modules/react-native/scripts/xcode/with-environment.sh\"\nREACT_NATIVE_XCODE=\"../node_modules/react-native/scripts/react-native-xcode.sh\"\n\n/bin/sh -c \"$WITH_ENVIRONMENT $REACT_NATIVE_XCODE\"\n";
		};
		5A4591BB6DA6ED669A0B242E /* [CP] Copy Pods Resources */ = {
			isa = PBXShellScriptBuildPhase;
			buildActionMask = 2147483647;
			files = (
			);
			inputFileListPaths = (
				"${PODS_ROOT}/Target Support Files/Pods-rnapp/Pods-rnapp-resources-${CONFIGURATION}-input-files.xcfilelist",
			);
			name = "[CP] Copy Pods Resources";
			outputFileListPaths = (
				"${PODS_ROOT}/Target Support Files/Pods-rnapp/Pods-rnapp-resources-${CONFIGURATION}-output-files.xcfilelist",
			);
			runOnlyForDeploymentPostprocessing = 0;
			shellPath = /bin/sh;
			shellScript = "\"${PODS_ROOT}/Target Support Files/Pods-rnapp/Pods-rnapp-resources.sh\"\n";
			showEnvVarsInLog = 0;
		};
		5E29A5503711E5F95C06506F /* [CP-User] [RNFB] Core Configuration */ = {
			isa = PBXShellScriptBuildPhase;
			buildActionMask = 2147483647;
			files = (
			);
			inputPaths = (
				"$(BUILT_PRODUCTS_DIR)/$(INFOPLIST_PATH)",
			);
			name = "[CP-User] [RNFB] Core Configuration";
			runOnlyForDeploymentPostprocessing = 0;
			shellPath = /bin/sh;
			shellScript = "#!/usr/bin/env bash\n#\n# Copyright (c) 2016-present Invertase Limited & Contributors\n#\n# Licensed under the Apache License, Version 2.0 (the \"License\");\n# you may not use this library except in compliance with the License.\n# You may obtain a copy of the License at\n#\n#   http://www.apache.org/licenses/LICENSE-2.0\n#\n# Unless required by applicable law or agreed to in writing, software\n# distributed under the License is distributed on an \"AS IS\" BASIS,\n# WITHOUT WARRANTIES OR CONDITIONS OF ANY KIND, either express or implied.\n# See the License for the specific language governing permissions and\n# limitations under the License.\n#\n\n##########################################################################\n##########################################################################\n#\n#  NOTE THAT IF YOU CHANGE THIS FILE YOU MUST RUN pod install AFTERWARDS\n#\n#  This file is installed as an Xcode build script in the project file\n#  by cocoapods, and you will not see your changes until you pod install\n#\n##########################################################################\n##########################################################################\n\nset -e\n\n_MAX_LOOKUPS=2;\n_SEARCH_RESULT=''\n_RN_ROOT_EXISTS=''\n_CURRENT_LOOKUPS=1\n_JSON_ROOT=\"'react-native'\"\n_JSON_FILE_NAME='firebase.json'\n_JSON_OUTPUT_BASE64='e30=' # { }\n_CURRENT_SEARCH_DIR=${PROJECT_DIR}\n_PLIST_BUDDY=/usr/libexec/PlistBuddy\n_TARGET_PLIST=\"${BUILT_PRODUCTS_DIR}/${INFOPLIST_PATH}\"\n_DSYM_PLIST=\"${DWARF_DSYM_FOLDER_PATH}/${DWARF_DSYM_FILE_NAME}/Contents/Info.plist\"\n\n# plist arrays\n_PLIST_ENTRY_KEYS=()\n_PLIST_ENTRY_TYPES=()\n_PLIST_ENTRY_VALUES=()\n\nfunction setPlistValue {\n  echo \"note:      setting plist entry '$1' of type '$2' in file '$4'\"\n  ${_PLIST_BUDDY} -c \"Add :$1 $2 '$3'\" $4 || echo \"note:      '$1' already exists\"\n}\n\nfunction getFirebaseJsonKeyValue () {\n  if [[ ${_RN_ROOT_EXISTS} ]]; then\n    ruby -Ku -e \"require 'rubygems';require 'json'; output=JSON.parse('$1'); puts output[$_JSON_ROOT]['$2']\"\n  else\n    echo \"\"\n  fi;\n}\n\nfunction jsonBoolToYesNo () {\n  if [[ $1 == \"false\" ]]; then\n    echo \"NO\"\n  elif [[ $1 == \"true\" ]]; then\n    echo \"YES\"\n  else echo \"NO\"\n  fi\n}\n\necho \"note: -> RNFB build script started\"\necho \"note: 1) Locating ${_JSON_FILE_NAME} file:\"\n\nif [[ -z ${_CURRENT_SEARCH_DIR} ]]; then\n  _CURRENT_SEARCH_DIR=$(pwd)\nfi;\n\nwhile true; do\n  _CURRENT_SEARCH_DIR=$(dirname \"$_CURRENT_SEARCH_DIR\")\n  if [[ \"$_CURRENT_SEARCH_DIR\" == \"/\" ]] || [[ ${_CURRENT_LOOKUPS} -gt ${_MAX_LOOKUPS} ]]; then break; fi;\n  echo \"note:      ($_CURRENT_LOOKUPS of $_MAX_LOOKUPS) Searching in '$_CURRENT_SEARCH_DIR' for a ${_JSON_FILE_NAME} file.\"\n  _SEARCH_RESULT=$(find \"$_CURRENT_SEARCH_DIR\" -maxdepth 2 -name ${_JSON_FILE_NAME} -print | /usr/bin/head -n 1)\n  if [[ ${_SEARCH_RESULT} ]]; then\n    echo \"note:      ${_JSON_FILE_NAME} found at $_SEARCH_RESULT\"\n    break;\n  fi;\n  _CURRENT_LOOKUPS=$((_CURRENT_LOOKUPS+1))\ndone\n\nif [[ ${_SEARCH_RESULT} ]]; then\n  _JSON_OUTPUT_RAW=$(cat \"${_SEARCH_RESULT}\")\n  if ! _RN_ROOT_EXISTS=$(ruby -Ku -e \"require 'json'; output=JSON.parse('$_JSON_OUTPUT_RAW'); puts output[$_JSON_ROOT]\"); then\n    echo \"error: Failed to parse firebase.json, check for syntax errors.\"\n    exit 1\n  fi\n\n  if [[ ${_RN_ROOT_EXISTS} ]]; then\n    if ! python3 --version >/dev/null 2>&1; then echo \"error: python3 not found, firebase.json file processing error.\" && exit 1; fi\n    _JSON_OUTPUT_BASE64=$(python3 -c 'import json,sys,base64;print(base64.b64encode(bytes(json.dumps(json.loads(open('\"'${_SEARCH_RESULT}'\"', '\"'rb'\"').read())['${_JSON_ROOT}']), '\"'utf-8'\"')).decode())' || echo \"e30=\")\n  fi\n\n  _PLIST_ENTRY_KEYS+=(\"firebase_json_raw\")\n  _PLIST_ENTRY_TYPES+=(\"string\")\n  _PLIST_ENTRY_VALUES+=(\"$_JSON_OUTPUT_BASE64\")\n\n  # config.app_data_collection_default_enabled\n  _APP_DATA_COLLECTION_ENABLED=$(getFirebaseJsonKeyValue \"$_JSON_OUTPUT_RAW\" \"app_data_collection_default_enabled\")\n  if [[ $_APP_DATA_COLLECTION_ENABLED ]]; then\n    _PLIST_ENTRY_KEYS+=(\"FirebaseDataCollectionDefaultEnabled\")\n    _PLIST_ENTRY_TYPES+=(\"bool\")\n    _PLIST_ENTRY_VALUES+=(\"$(jsonBoolToYesNo \"$_APP_DATA_COLLECTION_ENABLED\")\")\n  fi\n\n  # config.analytics_auto_collection_enabled\n  _ANALYTICS_AUTO_COLLECTION=$(getFirebaseJsonKeyValue \"$_JSON_OUTPUT_RAW\" \"analytics_auto_collection_enabled\")\n  if [[ $_ANALYTICS_AUTO_COLLECTION ]]; then\n    _PLIST_ENTRY_KEYS+=(\"FIREBASE_ANALYTICS_COLLECTION_ENABLED\")\n    _PLIST_ENTRY_TYPES+=(\"bool\")\n    _PLIST_ENTRY_VALUES+=(\"$(jsonBoolToYesNo \"$_ANALYTICS_AUTO_COLLECTION\")\")\n  fi\n\n  # config.analytics_collection_deactivated\n  _ANALYTICS_DEACTIVATED=$(getFirebaseJsonKeyValue \"$_JSON_OUTPUT_RAW\" \"analytics_collection_deactivated\")\n  if [[ $_ANALYTICS_DEACTIVATED ]]; then\n    _PLIST_ENTRY_KEYS+=(\"FIREBASE_ANALYTICS_COLLECTION_DEACTIVATED\")\n    _PLIST_ENTRY_TYPES+=(\"bool\")\n    _PLIST_ENTRY_VALUES+=(\"$(jsonBoolToYesNo \"$_ANALYTICS_DEACTIVATED\")\")\n  fi\n\n  # config.analytics_idfv_collection_enabled\n  _ANALYTICS_IDFV_COLLECTION=$(getFirebaseJsonKeyValue \"$_JSON_OUTPUT_RAW\" \"analytics_idfv_collection_enabled\")\n  if [[ $_ANALYTICS_IDFV_COLLECTION ]]; then\n    _PLIST_ENTRY_KEYS+=(\"GOOGLE_ANALYTICS_IDFV_COLLECTION_ENABLED\")\n    _PLIST_ENTRY_TYPES+=(\"bool\")\n    _PLIST_ENTRY_VALUES+=(\"$(jsonBoolToYesNo \"$_ANALYTICS_IDFV_COLLECTION\")\")\n  fi\n\n  # config.analytics_default_allow_analytics_storage\n  _ANALYTICS_STORAGE=$(getFirebaseJsonKeyValue \"$_JSON_OUTPUT_RAW\" \"analytics_default_allow_analytics_storage\")\n  if [[ $_ANALYTICS_STORAGE ]]; then\n    _PLIST_ENTRY_KEYS+=(\"GOOGLE_ANALYTICS_DEFAULT_ALLOW_ANALYTICS_STORAGE\")\n    _PLIST_ENTRY_TYPES+=(\"bool\")\n    _PLIST_ENTRY_VALUES+=(\"$(jsonBoolToYesNo \"$_ANALYTICS_STORAGE\")\")\n  fi\n\n  # config.analytics_default_allow_ad_storage\n  _ANALYTICS_AD_STORAGE=$(getFirebaseJsonKeyValue \"$_JSON_OUTPUT_RAW\" \"analytics_default_allow_ad_storage\")\n  if [[ $_ANALYTICS_AD_STORAGE ]]; then\n    _PLIST_ENTRY_KEYS+=(\"GOOGLE_ANALYTICS_DEFAULT_ALLOW_AD_STORAGE\")\n    _PLIST_ENTRY_TYPES+=(\"bool\")\n    _PLIST_ENTRY_VALUES+=(\"$(jsonBoolToYesNo \"$_ANALYTICS_AD_STORAGE\")\")\n  fi\n\n  # config.analytics_default_allow_ad_user_data\n  _ANALYTICS_AD_USER_DATA=$(getFirebaseJsonKeyValue \"$_JSON_OUTPUT_RAW\" \"analytics_default_allow_ad_user_data\")\n  if [[ $_ANALYTICS_AD_USER_DATA ]]; then\n    _PLIST_ENTRY_KEYS+=(\"GOOGLE_ANALYTICS_DEFAULT_ALLOW_AD_USER_DATA\")\n    _PLIST_ENTRY_TYPES+=(\"bool\")\n    _PLIST_ENTRY_VALUES+=(\"$(jsonBoolToYesNo \"$_ANALYTICS_AD_USER_DATA\")\")\n  fi\n\n  # config.analytics_default_allow_ad_personalization_signals\n  _ANALYTICS_PERSONALIZATION=$(getFirebaseJsonKeyValue \"$_JSON_OUTPUT_RAW\" \"analytics_default_allow_ad_personalization_signals\")\n  if [[ $_ANALYTICS_PERSONALIZATION ]]; then\n    _PLIST_ENTRY_KEYS+=(\"GOOGLE_ANALYTICS_DEFAULT_ALLOW_AD_PERSONALIZATION_SIGNALS\")\n    _PLIST_ENTRY_TYPES+=(\"bool\")\n    _PLIST_ENTRY_VALUES+=(\"$(jsonBoolToYesNo \"$_ANALYTICS_PERSONALIZATION\")\")\n  fi\n\n  # config.analytics_registration_with_ad_network_enabled\n  _ANALYTICS_REGISTRATION_WITH_AD_NETWORK=$(getFirebaseJsonKeyValue \"$_JSON_OUTPUT_RAW\" \"google_analytics_registration_with_ad_network_enabled\")\n  if [[ $_ANALYTICS_REGISTRATION_WITH_AD_NETWORK ]]; then\n    _PLIST_ENTRY_KEYS+=(\"GOOGLE_ANALYTICS_REGISTRATION_WITH_AD_NETWORK_ENABLED\")\n    _PLIST_ENTRY_TYPES+=(\"bool\")\n    _PLIST_ENTRY_VALUES+=(\"$(jsonBoolToYesNo \"$_ANALYTICS_REGISTRATION_WITH_AD_NETWORK\")\")\n  fi\n\n  # config.google_analytics_automatic_screen_reporting_enabled\n  _ANALYTICS_AUTO_SCREEN_REPORTING=$(getFirebaseJsonKeyValue \"$_JSON_OUTPUT_RAW\" \"google_analytics_automatic_screen_reporting_enabled\")\n  if [[ $_ANALYTICS_AUTO_SCREEN_REPORTING ]]; then\n    _PLIST_ENTRY_KEYS+=(\"FirebaseAutomaticScreenReportingEnabled\")\n    _PLIST_ENTRY_TYPES+=(\"bool\")\n    _PLIST_ENTRY_VALUES+=(\"$(jsonBoolToYesNo \"$_ANALYTICS_AUTO_SCREEN_REPORTING\")\")\n  fi\n\n  # config.perf_auto_collection_enabled\n  _PERF_AUTO_COLLECTION=$(getFirebaseJsonKeyValue \"$_JSON_OUTPUT_RAW\" \"perf_auto_collection_enabled\")\n  if [[ $_PERF_AUTO_COLLECTION ]]; then\n    _PLIST_ENTRY_KEYS+=(\"firebase_performance_collection_enabled\")\n    _PLIST_ENTRY_TYPES+=(\"bool\")\n    _PLIST_ENTRY_VALUES+=(\"$(jsonBoolToYesNo \"$_PERF_AUTO_COLLECTION\")\")\n  fi\n\n  # config.perf_collection_deactivated\n  _PERF_DEACTIVATED=$(getFirebaseJsonKeyValue \"$_JSON_OUTPUT_RAW\" \"perf_collection_deactivated\")\n  if [[ $_PERF_DEACTIVATED ]]; then\n    _PLIST_ENTRY_KEYS+=(\"firebase_performance_collection_deactivated\")\n    _PLIST_ENTRY_TYPES+=(\"bool\")\n    _PLIST_ENTRY_VALUES+=(\"$(jsonBoolToYesNo \"$_PERF_DEACTIVATED\")\")\n  fi\n\n  # config.messaging_auto_init_enabled\n  _MESSAGING_AUTO_INIT=$(getFirebaseJsonKeyValue \"$_JSON_OUTPUT_RAW\" \"messaging_auto_init_enabled\")\n  if [[ $_MESSAGING_AUTO_INIT ]]; then\n    _PLIST_ENTRY_KEYS+=(\"FirebaseMessagingAutoInitEnabled\")\n    _PLIST_ENTRY_TYPES+=(\"bool\")\n    _PLIST_ENTRY_VALUES+=(\"$(jsonBoolToYesNo \"$_MESSAGING_AUTO_INIT\")\")\n  fi\n\n  # config.in_app_messaging_auto_colllection_enabled\n  _FIAM_AUTO_INIT=$(getFirebaseJsonKeyValue \"$_JSON_OUTPUT_RAW\" \"in_app_messaging_auto_collection_enabled\")\n  if [[ $_FIAM_AUTO_INIT ]]; then\n    _PLIST_ENTRY_KEYS+=(\"FirebaseInAppMessagingAutomaticDataCollectionEnabled\")\n    _PLIST_ENTRY_TYPES+=(\"bool\")\n    _PLIST_ENTRY_VALUES+=(\"$(jsonBoolToYesNo \"$_FIAM_AUTO_INIT\")\")\n  fi\n\n  # config.app_check_token_auto_refresh\n  _APP_CHECK_TOKEN_AUTO_REFRESH=$(getFirebaseJsonKeyValue \"$_JSON_OUTPUT_RAW\" \"app_check_token_auto_refresh\")\n  if [[ $_APP_CHECK_TOKEN_AUTO_REFRESH ]]; then\n    _PLIST_ENTRY_KEYS+=(\"FirebaseAppCheckTokenAutoRefreshEnabled\")\n    _PLIST_ENTRY_TYPES+=(\"bool\")\n    _PLIST_ENTRY_VALUES+=(\"$(jsonBoolToYesNo \"$_APP_CHECK_TOKEN_AUTO_REFRESH\")\")\n  fi\n\n  # config.crashlytics_disable_auto_disabler - undocumented for now - mainly for debugging, document if becomes useful\n  _CRASHLYTICS_AUTO_DISABLE_ENABLED=$(getFirebaseJsonKeyValue \"$_JSON_OUTPUT_RAW\" \"crashlytics_disable_auto_disabler\")\n  if [[ $_CRASHLYTICS_AUTO_DISABLE_ENABLED == \"true\" ]]; then\n    echo \"Disabled Crashlytics auto disabler.\" # do nothing\n  else\n    _PLIST_ENTRY_KEYS+=(\"FirebaseCrashlyticsCollectionEnabled\")\n    _PLIST_ENTRY_TYPES+=(\"bool\")\n    _PLIST_ENTRY_VALUES+=(\"NO\")\n  fi\nelse\n  _PLIST_ENTRY_KEYS+=(\"firebase_json_raw\")\n  _PLIST_ENTRY_TYPES+=(\"string\")\n  _PLIST_ENTRY_VALUES+=(\"$_JSON_OUTPUT_BASE64\")\n  echo \"warning:   A firebase.json file was not found, whilst this file is optional it is recommended to include it to configure firebase services in React Native Firebase.\"\nfi;\n\necho \"note: 2) Injecting Info.plist entries: \"\n\n# Log out the keys we're adding\nfor i in \"${!_PLIST_ENTRY_KEYS[@]}\"; do\n  echo \"    ->  $i) ${_PLIST_ENTRY_KEYS[$i]}\" \"${_PLIST_ENTRY_TYPES[$i]}\" \"${_PLIST_ENTRY_VALUES[$i]}\"\ndone\n\nfor plist in \"${_TARGET_PLIST}\" \"${_DSYM_PLIST}\" ; do\n  if [[ -f \"${plist}\" ]]; then\n\n    # paths with spaces break the call to setPlistValue. temporarily modify\n    # the shell internal field separator variable (IFS), which normally\n    # includes spaces, to consist only of line breaks\n    oldifs=$IFS\n    IFS=\"\n\"\n\n    for i in \"${!_PLIST_ENTRY_KEYS[@]}\"; do\n      setPlistValue \"${_PLIST_ENTRY_KEYS[$i]}\" \"${_PLIST_ENTRY_TYPES[$i]}\" \"${_PLIST_ENTRY_VALUES[$i]}\" \"${plist}\"\n    done\n\n    # restore the original internal field separator value\n    IFS=$oldifs\n  else\n    echo \"warning:   A Info.plist build output file was not found (${plist})\"\n  fi\ndone\n\necho \"note: <- RNFB build script finished\"\n";
		};
		7B29898203361A93F85719DD /* [CP] Embed Pods Frameworks */ = {
			isa = PBXShellScriptBuildPhase;
			buildActionMask = 2147483647;
			files = (
			);
			inputFileListPaths = (
				"${PODS_ROOT}/Target Support Files/Pods-rnapp/Pods-rnapp-frameworks-${CONFIGURATION}-input-files.xcfilelist",
			);
			name = "[CP] Embed Pods Frameworks";
			outputFileListPaths = (
				"${PODS_ROOT}/Target Support Files/Pods-rnapp/Pods-rnapp-frameworks-${CONFIGURATION}-output-files.xcfilelist",
			);
			runOnlyForDeploymentPostprocessing = 0;
			shellPath = /bin/sh;
			shellScript = "\"${PODS_ROOT}/Target Support Files/Pods-rnapp/Pods-rnapp-frameworks.sh\"\n";
			showEnvVarsInLog = 0;
		};
		B2066DFB21CF162D6806BD5C /* [CP] Check Pods Manifest.lock */ = {
			isa = PBXShellScriptBuildPhase;
			buildActionMask = 2147483647;
			files = (
			);
			inputFileListPaths = (
			);
			inputPaths = (
				"${PODS_PODFILE_DIR_PATH}/Podfile.lock",
				"${PODS_ROOT}/Manifest.lock",
			);
			name = "[CP] Check Pods Manifest.lock";
			outputFileListPaths = (
			);
			outputPaths = (
				"$(DERIVED_FILE_DIR)/Pods-rnapp-checkManifestLockResult.txt",
			);
			runOnlyForDeploymentPostprocessing = 0;
			shellPath = /bin/sh;
			shellScript = "diff \"${PODS_PODFILE_DIR_PATH}/Podfile.lock\" \"${PODS_ROOT}/Manifest.lock\" > /dev/null\nif [ $? != 0 ] ; then\n    # print error to STDERR\n    echo \"error: The sandbox is not in sync with the Podfile.lock. Run 'pod install' or update your CocoaPods installation.\" >&2\n    exit 1\nfi\n# This output is used by Xcode 'outputs' to avoid re-running this script phase.\necho \"SUCCESS\" > \"${SCRIPT_OUTPUT_FILE_0}\"\n";
			showEnvVarsInLog = 0;
		};
		FD10A7F022414F080027D42C /* Start Packager */ = {
			isa = PBXShellScriptBuildPhase;
			buildActionMask = 2147483647;
			files = (
			);
			inputFileListPaths = (
			);
			inputPaths = (
			);
			name = "Start Packager";
			outputFileListPaths = (
			);
			outputPaths = (
			);
			runOnlyForDeploymentPostprocessing = 0;
			shellPath = /bin/sh;
			shellScript = "export RCT_METRO_PORT=\"${RCT_METRO_PORT:=8081}\"\necho \"export RCT_METRO_PORT=${RCT_METRO_PORT}\" > \"${SRCROOT}/../node_modules/react-native/scripts/.packager.env\"\nif [ -z \"${RCT_NO_LAUNCH_PACKAGER+xxx}\" ] ; then\n  if nc -w 5 -z localhost ${RCT_METRO_PORT} ; then\n    if ! curl -s \"http://localhost:${RCT_METRO_PORT}/status\" | grep -q \"packager-status:running\" ; then\n      echo \"Port ${RCT_METRO_PORT} already in use, packager is either not running or not running correctly\"\n      exit 2\n    fi\n  else\n    open \"$SRCROOT/../node_modules/react-native/scripts/launchPackager.command\" || echo \"Can't start packager automatically\"\n  fi\nfi\n";
			showEnvVarsInLog = 0;
		};
/* End PBXShellScriptBuildPhase section */

/* Begin PBXSourcesBuildPhase section */
		13B07F871A680F5B00A75B9A /* Sources */ = {
			isa = PBXSourcesBuildPhase;
			buildActionMask = 2147483647;
			files = (
				1A8169DA2D8B10600020AC31 /* AppDelegate.swift in Sources */,
				1AC57BB02F1AF95F001D7A3C /* RNChatViewManager.swift in Sources */,
				1AC5817E2F1C50A7001D7A3C /* RNChatContainer.swift in Sources */,
				1AB62E762F241CC100744520 /* SectionModel.swift in Sources */,
				1AB62E772F241CC100744520 /* CacheableImageKey.swift in Sources */,
				1AB62E782F241CC100744520 /* ChatModuleBuilder.swift in Sources */,
				1AB62E792F241CC100744520 /* Message.swift in Sources */,
				1AB62E7A2F241CC100744520 /* ChatItemAlignment.swift in Sources */,
				1AB62E7B2F241CC100744520 /* PersistentDataCache.swift in Sources */,
				1AB62E7C2F241CC100744520 /* EdgeAligningView.swift in Sources */,
				1AB62E7D2F241CC100744520 /* ImageView.swift in Sources */,
				1AB62E7E2F241CC100744520 /* DefaultChatController.swift in Sources */,
				1AB62E7F2F241CC100744520 /* MainContainerView.swift in Sources */,
				1AB62E802F241CC100744520 /* ItemPath.swift in Sources */,
				1AB62E812F241CC100744520 /* ItemSize.swift in Sources */,
				1AB62E822F241CC100744520 /* KeyValueCaching.swift in Sources */,
				1AB62E832F241CC100744520 /* ChatViewControllerDelegate.swift in Sources */,
				1AB62E842F241CC100744520 /* AvatarView.swift in Sources */,
				1AB62E852F241CC100744520 /* TypingState.swift in Sources */,
				1AB62E862F241CC100744520 /* DefaultChatCollectionDataSource.swift in Sources */,
				1AB62E872F241CC100744520 /* MessageContainerView.swift in Sources */,
				1AB62E882F241CC100744520 /* AsyncKeyValueCaching.swift in Sources */,
				1AB62E892F241CC100744520 /* Section.swift in Sources */,
				1AB62E8A2F241CC100744520 /* URLSource.swift in Sources */,
				1AB62E8B2F241CC100744520 /* PersistentlyCacheable.swift in Sources */,
				1AB62E8C2F241CC100744520 /* ChatControllerDelegate.swift in Sources */,
				1AB62E8D2F241CC100744520 /* TextGenerator.swift in Sources */,
				1AB62E8E2F241CC100744520 /* CollectionViewChatLayout.swift in Sources */,
				1AB62E8F2F241CC100744520 /* ChatItemPinningType.swift in Sources */,
				1AB62E902F241CC100744520 /* ImageForUrlCache.swift in Sources */,
				1AB62E912F241CC100744520 /* CGRect+Extension.swift in Sources */,
				1AB62E922F241CC100744520 /* ManualAnimator.swift in Sources */,
				1AB62E932F241CC100744520 /* TextMessageController.swift in Sources */,
				1AB62E942F241CC100744520 /* ChatCollectionDataSource.swift in Sources */,
				1AB62E952F241CC100744520 /* StaticViewFactory.swift in Sources */,
				1AB62E962F241CC100744520 /* CachingImageLoader.swift in Sources */,
				1AB62E972F241CC100744520 /* ContainerCollectionReusableView.swift in Sources */,
				1AB62E982F241CC100744520 /* AvatarViewController.swift in Sources */,
				1AB62E992F241CC100744520 /* ChatLayoutPositionSnapshot.swift in Sources */,
				1AB62E9A2F241CC100744520 /* Cell.swift in Sources */,
				1AB62E9B2F241CC100744520 /* RawMessage.swift in Sources */,
				1AB62E9C2F241CC100744520 /* CellLayoutContainerView.swift in Sources */,
				1AB62E9D2F241CC100744520 /* NSLayoutDimension+Extension.swift in Sources */,
				1AB62E9E2F241CC100744520 /* KeyboardListenerDelegate.swift in Sources */,
				1AB62E9F2F241CC100744520 /* ImageController.swift in Sources */,
				1AB62EA02F241CC100744520 /* DifferenceKit+Extension.swift in Sources */,
				1AB62EA12F241CC100744520 /* ChatLayoutAttributes.swift in Sources */,
				1AB62EA22F241CC100744520 /* Constants.swift in Sources */,
				1AB62EA32F241CC100744520 /* IterativeCache.swift in Sources */,
				1AB62EA42F241CC100744520 /* SwappingContainerView.swift in Sources */,
				1AB62EA52F241CC100744520 /* ContainerCollectionViewCellDelegate.swift in Sources */,
				1AB62EA62F241CC100744520 /* LayoutModel.swift in Sources */,
				1AB62EA72F241CC100744520 /* User.swift in Sources */,
				1AB62EA82F241CC100744520 /* ImageMaskedView.swift in Sources */,
				1AB62EA92F241CC100744520 /* ContainerCollectionViewCell.swift in Sources */,
				1AB62EAA2F241CC100744520 /* NSLayoutAnchor+Extension.swift in Sources */,
				1AB62EAB2F241CC100744520 /* BezierMaskedView.swift in Sources */,
				1AB62EAC2F241CC100744520 /* ChatLayoutInvalidationContext.swift in Sources */,
				1AB62EAD2F241CC100744520 /* ChangeItem.swift in Sources */,
				1AB62EAE2F241CC100744520 /* MetaDataCache.swift in Sources */,
				1AB62EAF2F241CC100744520 /* ChatLayoutDelegate.swift in Sources */,
				1AB62EB12F241CC100744520 /* RoundedCornersContainerView.swift in Sources */,
				1AB62EB22F241CC100744520 /* KeyboardInfo.swift in Sources */,
				1AB62EB32F241CC100744520 /* ChatViewController.swift in Sources */,
				1AB62EB42F241CC100744520 /* CacheError.swift in Sources */,
				1AB62EB52F241CC100744520 /* ImageMessageSource.swift in Sources */,
				1AB62EB62F241CC100744520 /* TextMessageView.swift in Sources */,
				1AB62EB72F241CC100744520 /* ChatDateFormatter.swift in Sources */,
				1AB62EB82F241CC100744520 /* Caches.swift in Sources */,
				1AB62EB92F241CC100744520 /* ItemModel.swift in Sources */,
				1AB62EBA2F241CC100744520 /* URLController.swift in Sources */,
				1AB62EBB2F241CC100744520 /* ImageLoader.swift in Sources */,
				1AB62EBC2F241CC100744520 /* AvatarPlaceholderView.swift in Sources */,
				1AB62EBD2F241CC100744520 /* ImageViewState.swift in Sources */,
				1AB62EBE2F241CC100744520 /* ModelState.swift in Sources */,
				1AB62EBF2F241CC100744520 /* StatusView.swift in Sources */,
				1AB62EC02F241CC100744520 /* KeyboardListener.swift in Sources */,
				1AB62EC12F241CC100744520 /* ChatController.swift in Sources */,
				1AB62EC22F241CC100744520 /* ChatLayoutSettings.swift in Sources */,
				1AB62EC32F241CC100744520 /* RandomAccessCollection+Extension.swift in Sources */,
				1AB62EC42F241CC100744520 /* IndexPath+Extension.swift in Sources */,
				1AB62EC52F241CC100744520 /* DefaultImageLoader.swift in Sources */,
				1AB62EC62F241CC100744520 /* DateSeparatorView.swift in Sources */,
				1AB62EC72F241CC100744520 /* SetActor.swift in Sources */,
				1AB62EC82F241CC100744520 /* MemoryDataCache.swift in Sources */,
				1AB62EC92F241CC100744520 /* StateController.swift in Sources */,
				1AB62ECA2F241CC100744520 /* URLView.swift in Sources */,
				1AC5817C2F1C4EC7001D7A3C /* ChatViewManager+Methods.swift in Sources */,
				1AC57BB42F1AF9AA001D7A3C /* RNChatViewManager.m in Sources */,
			);
			runOnlyForDeploymentPostprocessing = 0;
		};
/* End PBXSourcesBuildPhase section */

/* Begin XCBuildConfiguration section */
		13B07F941A680F5B00A75B9A /* Debug */ = {
			isa = XCBuildConfiguration;
			baseConfigurationReference = E82E03AC1EB355290C35125E /* Pods-rnapp.debug.xcconfig */;
			buildSettings = {
				ASSETCATALOG_COMPILER_APPICON_NAME = AppIcon;
				CLANG_ENABLE_MODULES = YES;
				CODE_SIGN_ENTITLEMENTS = "";
				CODE_SIGN_IDENTITY = "Apple Development";
				CODE_SIGN_STYLE = Automatic;
				CURRENT_PROJECT_VERSION = 1;
				DEVELOPMENT_TEAM = 7A89C8T284;
				ENABLE_BITCODE = NO;
				INFOPLIST_FILE = rnapp/Info.plist;
				IPHONEOS_DEPLOYMENT_TARGET = 18.0;
				LD_RUNPATH_SEARCH_PATHS = (
					"$(inherited)",
					"@executable_path/Frameworks",
				);
				MARKETING_VERSION = 1.0;
				OTHER_LDFLAGS = (
					"$(inherited)",
					"-ObjC",
					"-lc++",
				);
				PRODUCT_BUNDLE_IDENTIFIER = "ru.force-dev.rnapp";
				PRODUCT_NAME = rnapp;
				PROVISIONING_PROFILE_SPECIFIER = "";
				SWIFT_OBJC_BRIDGING_HEADER = "rnapp/rnapp-Bridging-Header.h";
				SWIFT_OPTIMIZATION_LEVEL = "-Onone";
				SWIFT_VERSION = 5.0;
				VERSIONING_SYSTEM = "apple-generic";
			};
			name = Debug;
		};
		13B07F951A680F5B00A75B9A /* Release */ = {
			isa = XCBuildConfiguration;
			baseConfigurationReference = 9553AEA99DF4D58E8AAA7053 /* Pods-rnapp.release.xcconfig */;
			buildSettings = {
				ASSETCATALOG_COMPILER_APPICON_NAME = AppIcon;
				CLANG_ENABLE_MODULES = YES;
				CODE_SIGN_ENTITLEMENTS = "";
				CODE_SIGN_IDENTITY = "Apple Development";
				CODE_SIGN_STYLE = Automatic;
				CURRENT_PROJECT_VERSION = 1;
				DEVELOPMENT_TEAM = 7A89C8T284;
				INFOPLIST_FILE = rnapp/Info.plist;
				IPHONEOS_DEPLOYMENT_TARGET = 18.0;
				LD_RUNPATH_SEARCH_PATHS = (
					"$(inherited)",
					"@executable_path/Frameworks",
				);
				MARKETING_VERSION = 1.0;
				ONLY_ACTIVE_ARCH = YES;
				OTHER_LDFLAGS = (
					"$(inherited)",
					"-ObjC",
					"-lc++",
				);
				PRODUCT_BUNDLE_IDENTIFIER = "ru.force-dev.rnapp";
				PRODUCT_NAME = rnapp;
				PROVISIONING_PROFILE_SPECIFIER = "";
				SWIFT_OBJC_BRIDGING_HEADER = "rnapp/rnapp-Bridging-Header.h";
				SWIFT_VERSION = 5.0;
				VERSIONING_SYSTEM = "apple-generic";
			};
			name = Release;
		};
		83CBBA201A601CBA00E9B192 /* Debug */ = {
			isa = XCBuildConfiguration;
			baseConfigurationReference = 1AF66A752985C92A00C0291A /* Config.xcconfig */;
			buildSettings = {
				ALWAYS_SEARCH_USER_PATHS = NO;
				CLANG_ANALYZER_LOCALIZABILITY_NONLOCALIZED = YES;
				CLANG_CXX_LANGUAGE_STANDARD = "c++20";
				CLANG_CXX_LIBRARY = "libc++";
				CLANG_ENABLE_MODULES = YES;
				CLANG_ENABLE_OBJC_ARC = YES;
				CLANG_WARN_BLOCK_CAPTURE_AUTORELEASING = YES;
				CLANG_WARN_BOOL_CONVERSION = YES;
				CLANG_WARN_COMMA = YES;
				CLANG_WARN_CONSTANT_CONVERSION = YES;
				CLANG_WARN_DEPRECATED_OBJC_IMPLEMENTATIONS = YES;
				CLANG_WARN_DIRECT_OBJC_ISA_USAGE = YES_ERROR;
				CLANG_WARN_EMPTY_BODY = YES;
				CLANG_WARN_ENUM_CONVERSION = YES;
				CLANG_WARN_INFINITE_RECURSION = YES;
				CLANG_WARN_INT_CONVERSION = YES;
				CLANG_WARN_NON_LITERAL_NULL_CONVERSION = YES;
				CLANG_WARN_OBJC_IMPLICIT_RETAIN_SELF = YES;
				CLANG_WARN_OBJC_LITERAL_CONVERSION = YES;
				CLANG_WARN_OBJC_ROOT_CLASS = YES_ERROR;
				CLANG_WARN_QUOTED_INCLUDE_IN_FRAMEWORK_HEADER = YES;
				CLANG_WARN_RANGE_LOOP_ANALYSIS = YES;
				CLANG_WARN_STRICT_PROTOTYPES = YES;
				CLANG_WARN_SUSPICIOUS_MOVE = YES;
				CLANG_WARN_UNREACHABLE_CODE = YES;
				CLANG_WARN__DUPLICATE_METHOD_MATCH = YES;
				"CODE_SIGN_IDENTITY[sdk=iphoneos*]" = "iPhone Developer";
				COPY_PHASE_STRIP = NO;
				ENABLE_STRICT_OBJC_MSGSEND = YES;
				ENABLE_TESTABILITY = YES;
				"EXCLUDED_ARCHS[sdk=iphonesimulator*]" = i386;
				GCC_C_LANGUAGE_STANDARD = gnu99;
				GCC_DYNAMIC_NO_PIC = NO;
				GCC_NO_COMMON_BLOCKS = YES;
				GCC_OPTIMIZATION_LEVEL = 0;
				GCC_PREPROCESSOR_DEFINITIONS = (
					"DEBUG=1",
					"$(inherited)",
				);
				GCC_SYMBOLS_PRIVATE_EXTERN = NO;
				GCC_WARN_64_TO_32_BIT_CONVERSION = YES;
				GCC_WARN_ABOUT_RETURN_TYPE = YES_ERROR;
				GCC_WARN_UNDECLARED_SELECTOR = YES;
				GCC_WARN_UNINITIALIZED_AUTOS = YES_AGGRESSIVE;
				GCC_WARN_UNUSED_FUNCTION = YES;
				GCC_WARN_UNUSED_VARIABLE = YES;
				HEADER_SEARCH_PATHS = (
					"$(inherited)",
					"${PODS_CONFIGURATION_BUILD_DIR}/ReactCommon/ReactCommon.framework/Headers",
					"${PODS_CONFIGURATION_BUILD_DIR}/ReactCommon/ReactCommon.framework/Headers/react/nativemodule/core",
					"${PODS_CONFIGURATION_BUILD_DIR}/ReactCommon-Samples/ReactCommon_Samples.framework/Headers",
					"${PODS_CONFIGURATION_BUILD_DIR}/ReactCommon-Samples/ReactCommon_Samples.framework/Headers/platform/ios",
					"${PODS_CONFIGURATION_BUILD_DIR}/React-Fabric/React_Fabric.framework/Headers/react/renderer/components/view/platform/cxx",
					"${PODS_CONFIGURATION_BUILD_DIR}/React-NativeModulesApple/React_NativeModulesApple.framework/Headers",
					"${PODS_CONFIGURATION_BUILD_DIR}/React-graphics/React_graphics.framework/Headers",
					"${PODS_CONFIGURATION_BUILD_DIR}/React-graphics/React_graphics.framework/Headers/react/renderer/graphics/platform/ios",
				);
				IPHONEOS_DEPLOYMENT_TARGET = 18.0;
				LD_RUNPATH_SEARCH_PATHS = (
					/usr/lib/swift,
					"$(inherited)",
				);
				LIBRARY_SEARCH_PATHS = (
					"\"$(SDKROOT)/usr/lib/swift\"",
					"\"$(TOOLCHAIN_DIR)/usr/lib/swift/$(PLATFORM_NAME)\"",
					"\"$(inherited)\"",
				);
				MTL_ENABLE_DEBUG_INFO = YES;
				ONLY_ACTIVE_ARCH = YES;
				OTHER_CFLAGS = "$(inherited)";
				OTHER_CPLUSPLUSFLAGS = (
					"$(OTHER_CFLAGS)",
					"-DFOLLY_NO_CONFIG",
					"-DFOLLY_MOBILE=1",
					"-DFOLLY_USE_LIBCPP=1",
				);
				OTHER_LDFLAGS = "$(inherited)";
				REACT_NATIVE_PATH = "${PODS_ROOT}/../../node_modules/react-native";
				SDKROOT = iphoneos;
				SWIFT_ACTIVE_COMPILATION_CONDITIONS = "$(inherited) DEBUG";
				USE_HERMES = true;
			};
			name = Debug;
		};
		83CBBA211A601CBA00E9B192 /* Release */ = {
			isa = XCBuildConfiguration;
			baseConfigurationReference = 1AF66A752985C92A00C0291A /* Config.xcconfig */;
			buildSettings = {
				ALWAYS_SEARCH_USER_PATHS = NO;
				CLANG_ANALYZER_LOCALIZABILITY_NONLOCALIZED = YES;
				CLANG_CXX_LANGUAGE_STANDARD = "c++20";
				CLANG_CXX_LIBRARY = "libc++";
				CLANG_ENABLE_MODULES = YES;
				CLANG_ENABLE_OBJC_ARC = YES;
				CLANG_WARN_BLOCK_CAPTURE_AUTORELEASING = YES;
				CLANG_WARN_BOOL_CONVERSION = YES;
				CLANG_WARN_COMMA = YES;
				CLANG_WARN_CONSTANT_CONVERSION = YES;
				CLANG_WARN_DEPRECATED_OBJC_IMPLEMENTATIONS = YES;
				CLANG_WARN_DIRECT_OBJC_ISA_USAGE = YES_ERROR;
				CLANG_WARN_EMPTY_BODY = YES;
				CLANG_WARN_ENUM_CONVERSION = YES;
				CLANG_WARN_INFINITE_RECURSION = YES;
				CLANG_WARN_INT_CONVERSION = YES;
				CLANG_WARN_NON_LITERAL_NULL_CONVERSION = YES;
				CLANG_WARN_OBJC_IMPLICIT_RETAIN_SELF = YES;
				CLANG_WARN_OBJC_LITERAL_CONVERSION = YES;
				CLANG_WARN_OBJC_ROOT_CLASS = YES_ERROR;
				CLANG_WARN_QUOTED_INCLUDE_IN_FRAMEWORK_HEADER = YES;
				CLANG_WARN_RANGE_LOOP_ANALYSIS = YES;
				CLANG_WARN_STRICT_PROTOTYPES = YES;
				CLANG_WARN_SUSPICIOUS_MOVE = YES;
				CLANG_WARN_UNREACHABLE_CODE = YES;
				CLANG_WARN__DUPLICATE_METHOD_MATCH = YES;
				"CODE_SIGN_IDENTITY[sdk=iphoneos*]" = "iPhone Developer";
				COPY_PHASE_STRIP = YES;
				ENABLE_NS_ASSERTIONS = NO;
				ENABLE_STRICT_OBJC_MSGSEND = YES;
				"EXCLUDED_ARCHS[sdk=iphonesimulator*]" = i386;
				GCC_C_LANGUAGE_STANDARD = gnu99;
				GCC_NO_COMMON_BLOCKS = YES;
				GCC_WARN_64_TO_32_BIT_CONVERSION = YES;
				GCC_WARN_ABOUT_RETURN_TYPE = YES_ERROR;
				GCC_WARN_UNDECLARED_SELECTOR = YES;
				GCC_WARN_UNINITIALIZED_AUTOS = YES_AGGRESSIVE;
				GCC_WARN_UNUSED_FUNCTION = YES;
				GCC_WARN_UNUSED_VARIABLE = YES;
				HEADER_SEARCH_PATHS = (
					"$(inherited)",
					"${PODS_CONFIGURATION_BUILD_DIR}/ReactCommon/ReactCommon.framework/Headers",
					"${PODS_CONFIGURATION_BUILD_DIR}/ReactCommon/ReactCommon.framework/Headers/react/nativemodule/core",
					"${PODS_CONFIGURATION_BUILD_DIR}/ReactCommon-Samples/ReactCommon_Samples.framework/Headers",
					"${PODS_CONFIGURATION_BUILD_DIR}/ReactCommon-Samples/ReactCommon_Samples.framework/Headers/platform/ios",
					"${PODS_CONFIGURATION_BUILD_DIR}/React-Fabric/React_Fabric.framework/Headers/react/renderer/components/view/platform/cxx",
					"${PODS_CONFIGURATION_BUILD_DIR}/React-NativeModulesApple/React_NativeModulesApple.framework/Headers",
					"${PODS_CONFIGURATION_BUILD_DIR}/React-graphics/React_graphics.framework/Headers",
					"${PODS_CONFIGURATION_BUILD_DIR}/React-graphics/React_graphics.framework/Headers/react/renderer/graphics/platform/ios",
				);
				IPHONEOS_DEPLOYMENT_TARGET = 18.0;
				LD_RUNPATH_SEARCH_PATHS = (
					/usr/lib/swift,
					"$(inherited)",
				);
				LIBRARY_SEARCH_PATHS = (
					"\"$(SDKROOT)/usr/lib/swift\"",
					"\"$(TOOLCHAIN_DIR)/usr/lib/swift/$(PLATFORM_NAME)\"",
					"\"$(inherited)\"",
				);
				MTL_ENABLE_DEBUG_INFO = NO;
				OTHER_CFLAGS = "$(inherited)";
				OTHER_CPLUSPLUSFLAGS = (
					"$(OTHER_CFLAGS)",
					"-DFOLLY_NO_CONFIG",
					"-DFOLLY_MOBILE=1",
					"-DFOLLY_USE_LIBCPP=1",
				);
				OTHER_LDFLAGS = "$(inherited)";
				REACT_NATIVE_PATH = "${PODS_ROOT}/../../node_modules/react-native";
				SDKROOT = iphoneos;
				USE_HERMES = true;
				VALIDATE_PRODUCT = YES;
			};
			name = Release;
		};
/* End XCBuildConfiguration section */

/* Begin XCConfigurationList section */
		13B07F931A680F5B00A75B9A /* Build configuration list for PBXNativeTarget "rnapp" */ = {
			isa = XCConfigurationList;
			buildConfigurations = (
				13B07F941A680F5B00A75B9A /* Debug */,
				13B07F951A680F5B00A75B9A /* Release */,
			);
			defaultConfigurationIsVisible = 0;
			defaultConfigurationName = Release;
		};
		83CBB9FA1A601CBA00E9B192 /* Build configuration list for PBXProject "rnapp" */ = {
			isa = XCConfigurationList;
			buildConfigurations = (
				83CBBA201A601CBA00E9B192 /* Debug */,
				83CBBA211A601CBA00E9B192 /* Release */,
			);
			defaultConfigurationIsVisible = 0;
			defaultConfigurationName = Release;
		};
/* End XCConfigurationList section */
	};
	rootObject = 83CBB9F71A601CBA00E9B192 /* Project object */;
}
